// !$*UTF8*$!
{
	archiveVersion = 1;
	classes = {
	};
	objectVersion = 46;
	objects = {

/* Begin PBXBuildFile section */
		E87AC92D1ED6945300D11514 /* error_codes.pb.swift in Sources */ = {isa = PBXBuildFile; fileRef = E87AC92A1ED6945300D11514 /* error_codes.pb.swift */; };
		E87AC92E1ED6945300D11514 /* types.pb.swift in Sources */ = {isa = PBXBuildFile; fileRef = E87AC92B1ED6945300D11514 /* types.pb.swift */; };
		OBJ_157 /* conformance.pb.swift in Sources */ = {isa = PBXBuildFile; fileRef = OBJ_27 /* conformance.pb.swift */; };
		OBJ_158 /* main.swift in Sources */ = {isa = PBXBuildFile; fileRef = OBJ_28 /* main.swift */; };
		OBJ_159 /* test_messages_proto3.pb.swift in Sources */ = {isa = PBXBuildFile; fileRef = OBJ_29 /* test_messages_proto3.pb.swift */; };
		OBJ_161 /* SwiftProtobuf.framework in Frameworks */ = {isa = PBXBuildFile; fileRef = OBJ_149 /* SwiftProtobuf.framework */; };
		OBJ_169 /* Array+Extensions.swift in Sources */ = {isa = PBXBuildFile; fileRef = OBJ_31 /* Array+Extensions.swift */; };
		OBJ_170 /* CodePrinter.swift in Sources */ = {isa = PBXBuildFile; fileRef = OBJ_32 /* CodePrinter.swift */; };
		OBJ_171 /* Descriptor+Extensions.swift in Sources */ = {isa = PBXBuildFile; fileRef = OBJ_33 /* Descriptor+Extensions.swift */; };
		OBJ_172 /* descriptor.pb.swift in Sources */ = {isa = PBXBuildFile; fileRef = OBJ_34 /* descriptor.pb.swift */; };
		OBJ_173 /* Descriptor.swift in Sources */ = {isa = PBXBuildFile; fileRef = OBJ_35 /* Descriptor.swift */; };
		OBJ_174 /* FieldNumbers.swift in Sources */ = {isa = PBXBuildFile; fileRef = OBJ_36 /* FieldNumbers.swift */; };
		OBJ_175 /* Google_Protobuf_Compiler_CodeGeneratorResponse+Extensions.swift in Sources */ = {isa = PBXBuildFile; fileRef = OBJ_37 /* Google_Protobuf_Compiler_CodeGeneratorResponse+Extensions.swift */; };
		OBJ_176 /* Google_Protobuf_SourceCodeInfo+Extensions.swift in Sources */ = {isa = PBXBuildFile; fileRef = OBJ_38 /* Google_Protobuf_SourceCodeInfo+Extensions.swift */; };
		OBJ_177 /* HashableArray.swift in Sources */ = {isa = PBXBuildFile; fileRef = OBJ_39 /* HashableArray.swift */; };
		OBJ_178 /* NamingUtils.swift in Sources */ = {isa = PBXBuildFile; fileRef = OBJ_40 /* NamingUtils.swift */; };
		OBJ_179 /* plugin.pb.swift in Sources */ = {isa = PBXBuildFile; fileRef = OBJ_41 /* plugin.pb.swift */; };
		OBJ_180 /* ProtoLanguage.swift in Sources */ = {isa = PBXBuildFile; fileRef = OBJ_42 /* ProtoLanguage.swift */; };
		OBJ_181 /* ProvidesLocationPath.swift in Sources */ = {isa = PBXBuildFile; fileRef = OBJ_43 /* ProvidesLocationPath.swift */; };
		OBJ_182 /* ProvidesSourceCodeLocation.swift in Sources */ = {isa = PBXBuildFile; fileRef = OBJ_44 /* ProvidesSourceCodeLocation.swift */; };
		OBJ_183 /* SwiftLanguage.swift in Sources */ = {isa = PBXBuildFile; fileRef = OBJ_45 /* SwiftLanguage.swift */; };
		OBJ_184 /* SwiftProtobufInfo.swift in Sources */ = {isa = PBXBuildFile; fileRef = OBJ_46 /* SwiftProtobufInfo.swift */; };
		OBJ_185 /* SwiftProtobufNamer.swift in Sources */ = {isa = PBXBuildFile; fileRef = OBJ_47 /* SwiftProtobufNamer.swift */; };
		OBJ_187 /* SwiftProtobuf.framework in Frameworks */ = {isa = PBXBuildFile; fileRef = OBJ_149 /* SwiftProtobuf.framework */; };
		OBJ_194 /* Context.swift in Sources */ = {isa = PBXBuildFile; fileRef = OBJ_49 /* Context.swift */; };
		OBJ_195 /* Descriptor+Extensions.swift in Sources */ = {isa = PBXBuildFile; fileRef = OBJ_50 /* Descriptor+Extensions.swift */; };
		OBJ_196 /* EnumGenerator.swift in Sources */ = {isa = PBXBuildFile; fileRef = OBJ_51 /* EnumGenerator.swift */; };
		OBJ_197 /* ExtensionGenerator.swift in Sources */ = {isa = PBXBuildFile; fileRef = OBJ_52 /* ExtensionGenerator.swift */; };
		OBJ_198 /* FieldGenerator.swift in Sources */ = {isa = PBXBuildFile; fileRef = OBJ_53 /* FieldGenerator.swift */; };
		OBJ_199 /* FileGenerator.swift in Sources */ = {isa = PBXBuildFile; fileRef = OBJ_54 /* FileGenerator.swift */; };
		OBJ_200 /* FileIo.swift in Sources */ = {isa = PBXBuildFile; fileRef = OBJ_55 /* FileIo.swift */; };
		OBJ_201 /* GenerationError.swift in Sources */ = {isa = PBXBuildFile; fileRef = OBJ_56 /* GenerationError.swift */; };
		OBJ_202 /* GeneratorOptions.swift in Sources */ = {isa = PBXBuildFile; fileRef = OBJ_57 /* GeneratorOptions.swift */; };
		OBJ_203 /* Google_Protobuf_DescriptorProto+Extensions.swift in Sources */ = {isa = PBXBuildFile; fileRef = OBJ_58 /* Google_Protobuf_DescriptorProto+Extensions.swift */; };
		OBJ_204 /* Google_Protobuf_EnumDescriptorProto+Extensions.swift in Sources */ = {isa = PBXBuildFile; fileRef = OBJ_59 /* Google_Protobuf_EnumDescriptorProto+Extensions.swift */; };
		OBJ_205 /* Google_Protobuf_EnumValueDescriptorProto+Extensions.swift in Sources */ = {isa = PBXBuildFile; fileRef = OBJ_60 /* Google_Protobuf_EnumValueDescriptorProto+Extensions.swift */; };
		OBJ_206 /* Google_Protobuf_FileDescriptorProto+Extensions.swift in Sources */ = {isa = PBXBuildFile; fileRef = OBJ_61 /* Google_Protobuf_FileDescriptorProto+Extensions.swift */; };
		OBJ_207 /* main.swift in Sources */ = {isa = PBXBuildFile; fileRef = OBJ_62 /* main.swift */; };
		OBJ_208 /* MessageFieldGenerator.swift in Sources */ = {isa = PBXBuildFile; fileRef = OBJ_63 /* MessageFieldGenerator.swift */; };
		OBJ_209 /* MessageGenerator.swift in Sources */ = {isa = PBXBuildFile; fileRef = OBJ_64 /* MessageGenerator.swift */; };
		OBJ_210 /* MessageStorageClassGenerator.swift in Sources */ = {isa = PBXBuildFile; fileRef = OBJ_65 /* MessageStorageClassGenerator.swift */; };
		OBJ_211 /* OneofGenerator.swift in Sources */ = {isa = PBXBuildFile; fileRef = OBJ_66 /* OneofGenerator.swift */; };
		OBJ_212 /* ReservedWords.swift in Sources */ = {isa = PBXBuildFile; fileRef = OBJ_67 /* ReservedWords.swift */; };
		OBJ_213 /* StringUtils.swift in Sources */ = {isa = PBXBuildFile; fileRef = OBJ_68 /* StringUtils.swift */; };
		OBJ_214 /* Version.swift in Sources */ = {isa = PBXBuildFile; fileRef = OBJ_69 /* Version.swift */; };
		OBJ_216 /* SwiftProtobuf.framework in Frameworks */ = {isa = PBXBuildFile; fileRef = OBJ_149 /* SwiftProtobuf.framework */; };
		OBJ_217 /* PluginLibrary.framework in Frameworks */ = {isa = PBXBuildFile; fileRef = OBJ_147 /* PluginLibrary.framework */; };
		OBJ_224 /* any.pb.swift in Sources */ = {isa = PBXBuildFile; fileRef = OBJ_71 /* any.pb.swift */; };
		OBJ_225 /* AnyMessageStorage.swift in Sources */ = {isa = PBXBuildFile; fileRef = OBJ_72 /* AnyMessageStorage.swift */; };
		OBJ_226 /* AnyUnpackError.swift in Sources */ = {isa = PBXBuildFile; fileRef = OBJ_73 /* AnyUnpackError.swift */; };
		OBJ_227 /* api.pb.swift in Sources */ = {isa = PBXBuildFile; fileRef = OBJ_74 /* api.pb.swift */; };
		OBJ_228 /* BinaryDecoder.swift in Sources */ = {isa = PBXBuildFile; fileRef = OBJ_75 /* BinaryDecoder.swift */; };
		OBJ_229 /* BinaryDecodingError.swift in Sources */ = {isa = PBXBuildFile; fileRef = OBJ_76 /* BinaryDecodingError.swift */; };
		OBJ_230 /* BinaryEncoder.swift in Sources */ = {isa = PBXBuildFile; fileRef = OBJ_77 /* BinaryEncoder.swift */; };
		OBJ_231 /* BinaryEncodingError.swift in Sources */ = {isa = PBXBuildFile; fileRef = OBJ_78 /* BinaryEncodingError.swift */; };
		OBJ_232 /* BinaryEncodingSizeVisitor.swift in Sources */ = {isa = PBXBuildFile; fileRef = OBJ_79 /* BinaryEncodingSizeVisitor.swift */; };
		OBJ_233 /* BinaryEncodingVisitor.swift in Sources */ = {isa = PBXBuildFile; fileRef = OBJ_80 /* BinaryEncodingVisitor.swift */; };
		OBJ_234 /* CustomJSONCodable.swift in Sources */ = {isa = PBXBuildFile; fileRef = OBJ_81 /* CustomJSONCodable.swift */; };
		OBJ_235 /* Decoder.swift in Sources */ = {isa = PBXBuildFile; fileRef = OBJ_82 /* Decoder.swift */; };
		OBJ_236 /* DoubleFormatter.swift in Sources */ = {isa = PBXBuildFile; fileRef = OBJ_83 /* DoubleFormatter.swift */; };
		OBJ_237 /* duration.pb.swift in Sources */ = {isa = PBXBuildFile; fileRef = OBJ_84 /* duration.pb.swift */; };
		OBJ_238 /* empty.pb.swift in Sources */ = {isa = PBXBuildFile; fileRef = OBJ_85 /* empty.pb.swift */; };
		OBJ_239 /* Enum.swift in Sources */ = {isa = PBXBuildFile; fileRef = OBJ_86 /* Enum.swift */; };
		OBJ_240 /* ExtensibleMessage.swift in Sources */ = {isa = PBXBuildFile; fileRef = OBJ_87 /* ExtensibleMessage.swift */; };
		OBJ_241 /* ExtensionFields.swift in Sources */ = {isa = PBXBuildFile; fileRef = OBJ_88 /* ExtensionFields.swift */; };
		OBJ_242 /* ExtensionFieldValueSet.swift in Sources */ = {isa = PBXBuildFile; fileRef = OBJ_89 /* ExtensionFieldValueSet.swift */; };
		OBJ_243 /* ExtensionMap.swift in Sources */ = {isa = PBXBuildFile; fileRef = OBJ_90 /* ExtensionMap.swift */; };
		OBJ_244 /* field_mask.pb.swift in Sources */ = {isa = PBXBuildFile; fileRef = OBJ_91 /* field_mask.pb.swift */; };
		OBJ_245 /* FieldTag.swift in Sources */ = {isa = PBXBuildFile; fileRef = OBJ_92 /* FieldTag.swift */; };
		OBJ_246 /* FieldTypes.swift in Sources */ = {isa = PBXBuildFile; fileRef = OBJ_93 /* FieldTypes.swift */; };
		OBJ_247 /* Google_Protobuf_Any+Extensions.swift in Sources */ = {isa = PBXBuildFile; fileRef = OBJ_94 /* Google_Protobuf_Any+Extensions.swift */; };
		OBJ_248 /* Google_Protobuf_Any+Registry.swift in Sources */ = {isa = PBXBuildFile; fileRef = OBJ_95 /* Google_Protobuf_Any+Registry.swift */; };
		OBJ_249 /* Google_Protobuf_Duration+Extensions.swift in Sources */ = {isa = PBXBuildFile; fileRef = OBJ_96 /* Google_Protobuf_Duration+Extensions.swift */; };
		OBJ_250 /* Google_Protobuf_FieldMask+Extensions.swift in Sources */ = {isa = PBXBuildFile; fileRef = OBJ_97 /* Google_Protobuf_FieldMask+Extensions.swift */; };
		OBJ_251 /* Google_Protobuf_ListValue+Extensions.swift in Sources */ = {isa = PBXBuildFile; fileRef = OBJ_98 /* Google_Protobuf_ListValue+Extensions.swift */; };
		OBJ_252 /* Google_Protobuf_Struct+Extensions.swift in Sources */ = {isa = PBXBuildFile; fileRef = OBJ_99 /* Google_Protobuf_Struct+Extensions.swift */; };
		OBJ_253 /* Google_Protobuf_Timestamp+Extensions.swift in Sources */ = {isa = PBXBuildFile; fileRef = OBJ_100 /* Google_Protobuf_Timestamp+Extensions.swift */; };
		OBJ_254 /* Google_Protobuf_Value+Extensions.swift in Sources */ = {isa = PBXBuildFile; fileRef = OBJ_101 /* Google_Protobuf_Value+Extensions.swift */; };
		OBJ_255 /* Google_Protobuf_Wrappers+Extensions.swift in Sources */ = {isa = PBXBuildFile; fileRef = OBJ_102 /* Google_Protobuf_Wrappers+Extensions.swift */; };
		OBJ_256 /* HashVisitor.swift in Sources */ = {isa = PBXBuildFile; fileRef = OBJ_103 /* HashVisitor.swift */; };
		OBJ_257 /* Internal.swift in Sources */ = {isa = PBXBuildFile; fileRef = OBJ_104 /* Internal.swift */; };
		OBJ_258 /* JSONDecoder.swift in Sources */ = {isa = PBXBuildFile; fileRef = OBJ_105 /* JSONDecoder.swift */; };
		OBJ_259 /* JSONDecodingError.swift in Sources */ = {isa = PBXBuildFile; fileRef = OBJ_106 /* JSONDecodingError.swift */; };
		OBJ_260 /* JSONEncoder.swift in Sources */ = {isa = PBXBuildFile; fileRef = OBJ_107 /* JSONEncoder.swift */; };
		OBJ_261 /* JSONEncodingError.swift in Sources */ = {isa = PBXBuildFile; fileRef = OBJ_108 /* JSONEncodingError.swift */; };
		OBJ_262 /* JSONEncodingVisitor.swift in Sources */ = {isa = PBXBuildFile; fileRef = OBJ_109 /* JSONEncodingVisitor.swift */; };
		OBJ_263 /* JSONIntegerConverting.swift in Sources */ = {isa = PBXBuildFile; fileRef = OBJ_110 /* JSONIntegerConverting.swift */; };
		OBJ_264 /* JSONMapEncodingVisitor.swift in Sources */ = {isa = PBXBuildFile; fileRef = OBJ_111 /* JSONMapEncodingVisitor.swift */; };
		OBJ_265 /* JSONScanner.swift in Sources */ = {isa = PBXBuildFile; fileRef = OBJ_112 /* JSONScanner.swift */; };
		OBJ_266 /* MathUtils.swift in Sources */ = {isa = PBXBuildFile; fileRef = OBJ_113 /* MathUtils.swift */; };
		OBJ_267 /* Message+AnyAdditions.swift in Sources */ = {isa = PBXBuildFile; fileRef = OBJ_114 /* Message+AnyAdditions.swift */; };
		OBJ_268 /* Message+BinaryAdditions.swift in Sources */ = {isa = PBXBuildFile; fileRef = OBJ_115 /* Message+BinaryAdditions.swift */; };
		OBJ_269 /* Message+JSONAdditions.swift in Sources */ = {isa = PBXBuildFile; fileRef = OBJ_116 /* Message+JSONAdditions.swift */; };
		OBJ_270 /* Message+JSONArrayAdditions.swift in Sources */ = {isa = PBXBuildFile; fileRef = OBJ_117 /* Message+JSONArrayAdditions.swift */; };
		OBJ_271 /* Message+TextFormatAdditions.swift in Sources */ = {isa = PBXBuildFile; fileRef = OBJ_118 /* Message+TextFormatAdditions.swift */; };
		OBJ_272 /* Message.swift in Sources */ = {isa = PBXBuildFile; fileRef = OBJ_119 /* Message.swift */; };
		OBJ_273 /* MessageExtension.swift in Sources */ = {isa = PBXBuildFile; fileRef = OBJ_120 /* MessageExtension.swift */; };
		OBJ_274 /* NameMap.swift in Sources */ = {isa = PBXBuildFile; fileRef = OBJ_121 /* NameMap.swift */; };
		OBJ_275 /* ProtobufAPIVersionCheck.swift in Sources */ = {isa = PBXBuildFile; fileRef = OBJ_122 /* ProtobufAPIVersionCheck.swift */; };
		OBJ_276 /* ProtobufMap.swift in Sources */ = {isa = PBXBuildFile; fileRef = OBJ_123 /* ProtobufMap.swift */; };
		OBJ_277 /* ProtoNameProviding.swift in Sources */ = {isa = PBXBuildFile; fileRef = OBJ_124 /* ProtoNameProviding.swift */; };
		OBJ_278 /* SimpleExtensionMap.swift in Sources */ = {isa = PBXBuildFile; fileRef = OBJ_125 /* SimpleExtensionMap.swift */; };
		OBJ_279 /* source_context.pb.swift in Sources */ = {isa = PBXBuildFile; fileRef = OBJ_126 /* source_context.pb.swift */; };
		OBJ_280 /* StringUtils.swift in Sources */ = {isa = PBXBuildFile; fileRef = OBJ_127 /* StringUtils.swift */; };
		OBJ_281 /* struct.pb.swift in Sources */ = {isa = PBXBuildFile; fileRef = OBJ_128 /* struct.pb.swift */; };
		OBJ_282 /* TextFormatDecoder.swift in Sources */ = {isa = PBXBuildFile; fileRef = OBJ_129 /* TextFormatDecoder.swift */; };
		OBJ_283 /* TextFormatDecodingError.swift in Sources */ = {isa = PBXBuildFile; fileRef = OBJ_130 /* TextFormatDecodingError.swift */; };
		OBJ_284 /* TextFormatEncoder.swift in Sources */ = {isa = PBXBuildFile; fileRef = OBJ_131 /* TextFormatEncoder.swift */; };
		OBJ_285 /* TextFormatEncodingVisitor.swift in Sources */ = {isa = PBXBuildFile; fileRef = OBJ_132 /* TextFormatEncodingVisitor.swift */; };
		OBJ_286 /* TextFormatScanner.swift in Sources */ = {isa = PBXBuildFile; fileRef = OBJ_133 /* TextFormatScanner.swift */; };
		OBJ_287 /* timestamp.pb.swift in Sources */ = {isa = PBXBuildFile; fileRef = OBJ_134 /* timestamp.pb.swift */; };
		OBJ_288 /* TimeUtils.swift in Sources */ = {isa = PBXBuildFile; fileRef = OBJ_135 /* TimeUtils.swift */; };
		OBJ_289 /* type.pb.swift in Sources */ = {isa = PBXBuildFile; fileRef = OBJ_136 /* type.pb.swift */; };
		OBJ_290 /* UnknownStorage.swift in Sources */ = {isa = PBXBuildFile; fileRef = OBJ_137 /* UnknownStorage.swift */; };
		OBJ_291 /* Varint.swift in Sources */ = {isa = PBXBuildFile; fileRef = OBJ_138 /* Varint.swift */; };
		OBJ_292 /* Version.swift in Sources */ = {isa = PBXBuildFile; fileRef = OBJ_139 /* Version.swift */; };
		OBJ_293 /* Visitor.swift in Sources */ = {isa = PBXBuildFile; fileRef = OBJ_140 /* Visitor.swift */; };
		OBJ_294 /* WireFormat.swift in Sources */ = {isa = PBXBuildFile; fileRef = OBJ_141 /* WireFormat.swift */; };
		OBJ_295 /* wrappers.pb.swift in Sources */ = {isa = PBXBuildFile; fileRef = OBJ_142 /* wrappers.pb.swift */; };
		OBJ_296 /* ZigZag.swift in Sources */ = {isa = PBXBuildFile; fileRef = OBJ_143 /* ZigZag.swift */; };
		OBJ_303 /* Graph.swift in Sources */ = {isa = PBXBuildFile; fileRef = OBJ_10 /* Graph.swift */; };
		OBJ_304 /* Lib.swift in Sources */ = {isa = PBXBuildFile; fileRef = OBJ_11 /* Lib.swift */; };
		OBJ_305 /* main.swift in Sources */ = {isa = PBXBuildFile; fileRef = OBJ_12 /* main.swift */; };
		OBJ_306 /* Operation.swift in Sources */ = {isa = PBXBuildFile; fileRef = OBJ_13 /* Operation.swift */; };
		OBJ_307 /* SavedModel.swift in Sources */ = {isa = PBXBuildFile; fileRef = OBJ_14 /* SavedModel.swift */; };
		OBJ_308 /* Session.swift in Sources */ = {isa = PBXBuildFile; fileRef = OBJ_15 /* Session.swift */; };
		OBJ_309 /* Shape.swift in Sources */ = {isa = PBXBuildFile; fileRef = OBJ_16 /* Shape.swift */; };
		OBJ_310 /* Status.swift in Sources */ = {isa = PBXBuildFile; fileRef = OBJ_17 /* Status.swift */; };
		OBJ_311 /* Tensor.swift in Sources */ = {isa = PBXBuildFile; fileRef = OBJ_18 /* Tensor.swift */; };
		OBJ_312 /* TensorFlow.swift in Sources */ = {isa = PBXBuildFile; fileRef = OBJ_19 /* TensorFlow.swift */; };
		OBJ_314 /* SwiftProtobuf.framework in Frameworks */ = {isa = PBXBuildFile; fileRef = OBJ_149 /* SwiftProtobuf.framework */; };
		OBJ_315 /* PluginLibrary.framework in Frameworks */ = {isa = PBXBuildFile; fileRef = OBJ_147 /* PluginLibrary.framework */; };
		OBJ_323 /* TensorFlowTests.swift in Sources */ = {isa = PBXBuildFile; fileRef = OBJ_22 /* TensorFlowTests.swift */; };
		OBJ_325 /* SwiftProtobuf.framework in Frameworks */ = {isa = PBXBuildFile; fileRef = OBJ_149 /* SwiftProtobuf.framework */; };
		OBJ_326 /* PluginLibrary.framework in Frameworks */ = {isa = PBXBuildFile; fileRef = OBJ_147 /* PluginLibrary.framework */; };
/* End PBXBuildFile section */

/* Begin PBXContainerItemProxy section */
		E87AC9201ED6940A00D11514 /* PBXContainerItemProxy */ = {
			isa = PBXContainerItemProxy;
			containerPortal = OBJ_1 /* Project object */;
			proxyType = 1;
			remoteGlobalIDString = OBJ_163;
			remoteInfo = SwiftProtobuf;
		};
		E87AC9211ED6940A00D11514 /* PBXContainerItemProxy */ = {
			isa = PBXContainerItemProxy;
			containerPortal = OBJ_1 /* Project object */;
			proxyType = 1;
			remoteGlobalIDString = OBJ_163;
			remoteInfo = SwiftProtobuf;
		};
		E87AC9221ED6940A00D11514 /* PBXContainerItemProxy */ = {
			isa = PBXContainerItemProxy;
			containerPortal = OBJ_1 /* Project object */;
			proxyType = 1;
			remoteGlobalIDString = OBJ_163;
			remoteInfo = SwiftProtobuf;
		};
		E87AC9231ED6940A00D11514 /* PBXContainerItemProxy */ = {
			isa = PBXContainerItemProxy;
			containerPortal = OBJ_1 /* Project object */;
			proxyType = 1;
			remoteGlobalIDString = OBJ_164;
			remoteInfo = PluginLibrary;
		};
		E87AC9241ED6940A00D11514 /* PBXContainerItemProxy */ = {
			isa = PBXContainerItemProxy;
			containerPortal = OBJ_1 /* Project object */;
			proxyType = 1;
			remoteGlobalIDString = OBJ_163;
			remoteInfo = SwiftProtobuf;
		};
		E87AC9251ED6940A00D11514 /* PBXContainerItemProxy */ = {
			isa = PBXContainerItemProxy;
			containerPortal = OBJ_1 /* Project object */;
			proxyType = 1;
			remoteGlobalIDString = OBJ_164;
			remoteInfo = PluginLibrary;
		};
		E87AC9261ED6940A00D11514 /* PBXContainerItemProxy */ = {
			isa = PBXContainerItemProxy;
			containerPortal = OBJ_1 /* Project object */;
			proxyType = 1;
			remoteGlobalIDString = OBJ_163;
			remoteInfo = SwiftProtobuf;
		};
		E87AC9271ED6940A00D11514 /* PBXContainerItemProxy */ = {
			isa = PBXContainerItemProxy;
			containerPortal = OBJ_1 /* Project object */;
			proxyType = 1;
			remoteGlobalIDString = OBJ_164;
			remoteInfo = PluginLibrary;
		};
		E87AC9281ED6940A00D11514 /* PBXContainerItemProxy */ = {
			isa = PBXContainerItemProxy;
			containerPortal = OBJ_1 /* Project object */;
			proxyType = 1;
			remoteGlobalIDString = OBJ_298;
			remoteInfo = TensorFlow;
		};
/* End PBXContainerItemProxy section */

/* Begin PBXFileReference section */
		E87AC9291ED6945300D11514 /* config.pb.swift */ = {isa = PBXFileReference; fileEncoding = 4; lastKnownFileType = sourcecode.swift; path = config.pb.swift; sourceTree = "<group>"; };
		E87AC92A1ED6945300D11514 /* error_codes.pb.swift */ = {isa = PBXFileReference; fileEncoding = 4; lastKnownFileType = sourcecode.swift; path = error_codes.pb.swift; sourceTree = "<group>"; };
		E87AC92B1ED6945300D11514 /* types.pb.swift */ = {isa = PBXFileReference; fileEncoding = 4; lastKnownFileType = sourcecode.swift; path = types.pb.swift; sourceTree = "<group>"; };
		OBJ_10 /* Graph.swift */ = {isa = PBXFileReference; lastKnownFileType = sourcecode.swift; path = Graph.swift; sourceTree = "<group>"; };
		OBJ_100 /* Google_Protobuf_Timestamp+Extensions.swift */ = {isa = PBXFileReference; lastKnownFileType = sourcecode.swift; path = "Google_Protobuf_Timestamp+Extensions.swift"; sourceTree = "<group>"; };
		OBJ_101 /* Google_Protobuf_Value+Extensions.swift */ = {isa = PBXFileReference; lastKnownFileType = sourcecode.swift; path = "Google_Protobuf_Value+Extensions.swift"; sourceTree = "<group>"; };
		OBJ_102 /* Google_Protobuf_Wrappers+Extensions.swift */ = {isa = PBXFileReference; lastKnownFileType = sourcecode.swift; path = "Google_Protobuf_Wrappers+Extensions.swift"; sourceTree = "<group>"; };
		OBJ_103 /* HashVisitor.swift */ = {isa = PBXFileReference; lastKnownFileType = sourcecode.swift; path = HashVisitor.swift; sourceTree = "<group>"; };
		OBJ_104 /* Internal.swift */ = {isa = PBXFileReference; lastKnownFileType = sourcecode.swift; path = Internal.swift; sourceTree = "<group>"; };
		OBJ_105 /* JSONDecoder.swift */ = {isa = PBXFileReference; lastKnownFileType = sourcecode.swift; path = JSONDecoder.swift; sourceTree = "<group>"; };
		OBJ_106 /* JSONDecodingError.swift */ = {isa = PBXFileReference; lastKnownFileType = sourcecode.swift; path = JSONDecodingError.swift; sourceTree = "<group>"; };
		OBJ_107 /* JSONEncoder.swift */ = {isa = PBXFileReference; lastKnownFileType = sourcecode.swift; path = JSONEncoder.swift; sourceTree = "<group>"; };
		OBJ_108 /* JSONEncodingError.swift */ = {isa = PBXFileReference; lastKnownFileType = sourcecode.swift; path = JSONEncodingError.swift; sourceTree = "<group>"; };
		OBJ_109 /* JSONEncodingVisitor.swift */ = {isa = PBXFileReference; lastKnownFileType = sourcecode.swift; path = JSONEncodingVisitor.swift; sourceTree = "<group>"; };
		OBJ_11 /* Lib.swift */ = {isa = PBXFileReference; lastKnownFileType = sourcecode.swift; path = Lib.swift; sourceTree = "<group>"; };
		OBJ_110 /* JSONIntegerConverting.swift */ = {isa = PBXFileReference; lastKnownFileType = sourcecode.swift; path = JSONIntegerConverting.swift; sourceTree = "<group>"; };
		OBJ_111 /* JSONMapEncodingVisitor.swift */ = {isa = PBXFileReference; lastKnownFileType = sourcecode.swift; path = JSONMapEncodingVisitor.swift; sourceTree = "<group>"; };
		OBJ_112 /* JSONScanner.swift */ = {isa = PBXFileReference; lastKnownFileType = sourcecode.swift; path = JSONScanner.swift; sourceTree = "<group>"; };
		OBJ_113 /* MathUtils.swift */ = {isa = PBXFileReference; lastKnownFileType = sourcecode.swift; path = MathUtils.swift; sourceTree = "<group>"; };
		OBJ_114 /* Message+AnyAdditions.swift */ = {isa = PBXFileReference; lastKnownFileType = sourcecode.swift; path = "Message+AnyAdditions.swift"; sourceTree = "<group>"; };
		OBJ_115 /* Message+BinaryAdditions.swift */ = {isa = PBXFileReference; lastKnownFileType = sourcecode.swift; path = "Message+BinaryAdditions.swift"; sourceTree = "<group>"; };
		OBJ_116 /* Message+JSONAdditions.swift */ = {isa = PBXFileReference; lastKnownFileType = sourcecode.swift; path = "Message+JSONAdditions.swift"; sourceTree = "<group>"; };
		OBJ_117 /* Message+JSONArrayAdditions.swift */ = {isa = PBXFileReference; lastKnownFileType = sourcecode.swift; path = "Message+JSONArrayAdditions.swift"; sourceTree = "<group>"; };
		OBJ_118 /* Message+TextFormatAdditions.swift */ = {isa = PBXFileReference; lastKnownFileType = sourcecode.swift; path = "Message+TextFormatAdditions.swift"; sourceTree = "<group>"; };
		OBJ_119 /* Message.swift */ = {isa = PBXFileReference; lastKnownFileType = sourcecode.swift; path = Message.swift; sourceTree = "<group>"; };
		OBJ_12 /* main.swift */ = {isa = PBXFileReference; lastKnownFileType = sourcecode.swift; path = main.swift; sourceTree = "<group>"; };
		OBJ_120 /* MessageExtension.swift */ = {isa = PBXFileReference; lastKnownFileType = sourcecode.swift; path = MessageExtension.swift; sourceTree = "<group>"; };
		OBJ_121 /* NameMap.swift */ = {isa = PBXFileReference; lastKnownFileType = sourcecode.swift; path = NameMap.swift; sourceTree = "<group>"; };
		OBJ_122 /* ProtobufAPIVersionCheck.swift */ = {isa = PBXFileReference; lastKnownFileType = sourcecode.swift; path = ProtobufAPIVersionCheck.swift; sourceTree = "<group>"; };
		OBJ_123 /* ProtobufMap.swift */ = {isa = PBXFileReference; lastKnownFileType = sourcecode.swift; path = ProtobufMap.swift; sourceTree = "<group>"; };
		OBJ_124 /* ProtoNameProviding.swift */ = {isa = PBXFileReference; lastKnownFileType = sourcecode.swift; path = ProtoNameProviding.swift; sourceTree = "<group>"; };
		OBJ_125 /* SimpleExtensionMap.swift */ = {isa = PBXFileReference; lastKnownFileType = sourcecode.swift; path = SimpleExtensionMap.swift; sourceTree = "<group>"; };
		OBJ_126 /* source_context.pb.swift */ = {isa = PBXFileReference; lastKnownFileType = sourcecode.swift; path = source_context.pb.swift; sourceTree = "<group>"; };
		OBJ_127 /* StringUtils.swift */ = {isa = PBXFileReference; lastKnownFileType = sourcecode.swift; path = StringUtils.swift; sourceTree = "<group>"; };
		OBJ_128 /* struct.pb.swift */ = {isa = PBXFileReference; lastKnownFileType = sourcecode.swift; path = struct.pb.swift; sourceTree = "<group>"; };
		OBJ_129 /* TextFormatDecoder.swift */ = {isa = PBXFileReference; lastKnownFileType = sourcecode.swift; path = TextFormatDecoder.swift; sourceTree = "<group>"; };
		OBJ_13 /* Operation.swift */ = {isa = PBXFileReference; lastKnownFileType = sourcecode.swift; path = Operation.swift; sourceTree = "<group>"; };
		OBJ_130 /* TextFormatDecodingError.swift */ = {isa = PBXFileReference; lastKnownFileType = sourcecode.swift; path = TextFormatDecodingError.swift; sourceTree = "<group>"; };
		OBJ_131 /* TextFormatEncoder.swift */ = {isa = PBXFileReference; lastKnownFileType = sourcecode.swift; path = TextFormatEncoder.swift; sourceTree = "<group>"; };
		OBJ_132 /* TextFormatEncodingVisitor.swift */ = {isa = PBXFileReference; lastKnownFileType = sourcecode.swift; path = TextFormatEncodingVisitor.swift; sourceTree = "<group>"; };
		OBJ_133 /* TextFormatScanner.swift */ = {isa = PBXFileReference; lastKnownFileType = sourcecode.swift; path = TextFormatScanner.swift; sourceTree = "<group>"; };
		OBJ_134 /* timestamp.pb.swift */ = {isa = PBXFileReference; lastKnownFileType = sourcecode.swift; path = timestamp.pb.swift; sourceTree = "<group>"; };
		OBJ_135 /* TimeUtils.swift */ = {isa = PBXFileReference; lastKnownFileType = sourcecode.swift; path = TimeUtils.swift; sourceTree = "<group>"; };
		OBJ_136 /* type.pb.swift */ = {isa = PBXFileReference; lastKnownFileType = sourcecode.swift; path = type.pb.swift; sourceTree = "<group>"; };
		OBJ_137 /* UnknownStorage.swift */ = {isa = PBXFileReference; lastKnownFileType = sourcecode.swift; path = UnknownStorage.swift; sourceTree = "<group>"; };
		OBJ_138 /* Varint.swift */ = {isa = PBXFileReference; lastKnownFileType = sourcecode.swift; path = Varint.swift; sourceTree = "<group>"; };
		OBJ_139 /* Version.swift */ = {isa = PBXFileReference; lastKnownFileType = sourcecode.swift; path = Version.swift; sourceTree = "<group>"; };
		OBJ_14 /* SavedModel.swift */ = {isa = PBXFileReference; lastKnownFileType = sourcecode.swift; path = SavedModel.swift; sourceTree = "<group>"; };
		OBJ_140 /* Visitor.swift */ = {isa = PBXFileReference; lastKnownFileType = sourcecode.swift; path = Visitor.swift; sourceTree = "<group>"; };
		OBJ_141 /* WireFormat.swift */ = {isa = PBXFileReference; lastKnownFileType = sourcecode.swift; path = WireFormat.swift; sourceTree = "<group>"; };
		OBJ_142 /* wrappers.pb.swift */ = {isa = PBXFileReference; lastKnownFileType = sourcecode.swift; path = wrappers.pb.swift; sourceTree = "<group>"; };
		OBJ_143 /* ZigZag.swift */ = {isa = PBXFileReference; lastKnownFileType = sourcecode.swift; path = ZigZag.swift; sourceTree = "<group>"; };
		OBJ_146 /* Conformance */ = {isa = PBXFileReference; lastKnownFileType = text; path = Conformance; sourceTree = BUILT_PRODUCTS_DIR; };
		OBJ_147 /* PluginLibrary.framework */ = {isa = PBXFileReference; explicitFileType = wrapper.framework; path = PluginLibrary.framework; sourceTree = BUILT_PRODUCTS_DIR; };
		OBJ_148 /* protoc-gen-swift */ = {isa = PBXFileReference; lastKnownFileType = text; path = "protoc-gen-swift"; sourceTree = BUILT_PRODUCTS_DIR; };
		OBJ_149 /* SwiftProtobuf.framework */ = {isa = PBXFileReference; explicitFileType = wrapper.framework; path = SwiftProtobuf.framework; sourceTree = BUILT_PRODUCTS_DIR; };
		OBJ_15 /* Session.swift */ = {isa = PBXFileReference; lastKnownFileType = sourcecode.swift; path = Session.swift; sourceTree = "<group>"; };
		OBJ_150 /* TensorFlow */ = {isa = PBXFileReference; lastKnownFileType = text; path = TensorFlow; sourceTree = BUILT_PRODUCTS_DIR; };
		OBJ_151 /* TensorFlowTests.xctest */ = {isa = PBXFileReference; lastKnownFileType = file; path = TensorFlowTests.xctest; sourceTree = BUILT_PRODUCTS_DIR; };
		OBJ_16 /* Shape.swift */ = {isa = PBXFileReference; lastKnownFileType = sourcecode.swift; path = Shape.swift; sourceTree = "<group>"; };
		OBJ_17 /* Status.swift */ = {isa = PBXFileReference; lastKnownFileType = sourcecode.swift; path = Status.swift; sourceTree = "<group>"; };
		OBJ_18 /* Tensor.swift */ = {isa = PBXFileReference; lastKnownFileType = sourcecode.swift; path = Tensor.swift; sourceTree = "<group>"; };
		OBJ_19 /* TensorFlow.swift */ = {isa = PBXFileReference; lastKnownFileType = sourcecode.swift; path = TensorFlow.swift; sourceTree = "<group>"; };
		OBJ_22 /* TensorFlowTests.swift */ = {isa = PBXFileReference; lastKnownFileType = sourcecode.swift; path = TensorFlowTests.swift; sourceTree = "<group>"; };
		OBJ_23 /* misc */ = {isa = PBXFileReference; lastKnownFileType = folder; path = misc; sourceTree = SOURCE_ROOT; };
		OBJ_27 /* conformance.pb.swift */ = {isa = PBXFileReference; lastKnownFileType = sourcecode.swift; path = conformance.pb.swift; sourceTree = "<group>"; };
		OBJ_28 /* main.swift */ = {isa = PBXFileReference; lastKnownFileType = sourcecode.swift; path = main.swift; sourceTree = "<group>"; };
		OBJ_29 /* test_messages_proto3.pb.swift */ = {isa = PBXFileReference; lastKnownFileType = sourcecode.swift; path = test_messages_proto3.pb.swift; sourceTree = "<group>"; };
		OBJ_31 /* Array+Extensions.swift */ = {isa = PBXFileReference; lastKnownFileType = sourcecode.swift; path = "Array+Extensions.swift"; sourceTree = "<group>"; };
		OBJ_32 /* CodePrinter.swift */ = {isa = PBXFileReference; lastKnownFileType = sourcecode.swift; path = CodePrinter.swift; sourceTree = "<group>"; };
		OBJ_33 /* Descriptor+Extensions.swift */ = {isa = PBXFileReference; lastKnownFileType = sourcecode.swift; path = "Descriptor+Extensions.swift"; sourceTree = "<group>"; };
		OBJ_34 /* descriptor.pb.swift */ = {isa = PBXFileReference; lastKnownFileType = sourcecode.swift; path = descriptor.pb.swift; sourceTree = "<group>"; };
		OBJ_35 /* Descriptor.swift */ = {isa = PBXFileReference; lastKnownFileType = sourcecode.swift; path = Descriptor.swift; sourceTree = "<group>"; };
		OBJ_36 /* FieldNumbers.swift */ = {isa = PBXFileReference; lastKnownFileType = sourcecode.swift; path = FieldNumbers.swift; sourceTree = "<group>"; };
		OBJ_37 /* Google_Protobuf_Compiler_CodeGeneratorResponse+Extensions.swift */ = {isa = PBXFileReference; lastKnownFileType = sourcecode.swift; path = "Google_Protobuf_Compiler_CodeGeneratorResponse+Extensions.swift"; sourceTree = "<group>"; };
		OBJ_38 /* Google_Protobuf_SourceCodeInfo+Extensions.swift */ = {isa = PBXFileReference; lastKnownFileType = sourcecode.swift; path = "Google_Protobuf_SourceCodeInfo+Extensions.swift"; sourceTree = "<group>"; };
		OBJ_39 /* HashableArray.swift */ = {isa = PBXFileReference; lastKnownFileType = sourcecode.swift; path = HashableArray.swift; sourceTree = "<group>"; };
		OBJ_40 /* NamingUtils.swift */ = {isa = PBXFileReference; lastKnownFileType = sourcecode.swift; path = NamingUtils.swift; sourceTree = "<group>"; };
		OBJ_41 /* plugin.pb.swift */ = {isa = PBXFileReference; lastKnownFileType = sourcecode.swift; path = plugin.pb.swift; sourceTree = "<group>"; };
		OBJ_42 /* ProtoLanguage.swift */ = {isa = PBXFileReference; lastKnownFileType = sourcecode.swift; path = ProtoLanguage.swift; sourceTree = "<group>"; };
		OBJ_43 /* ProvidesLocationPath.swift */ = {isa = PBXFileReference; lastKnownFileType = sourcecode.swift; path = ProvidesLocationPath.swift; sourceTree = "<group>"; };
		OBJ_44 /* ProvidesSourceCodeLocation.swift */ = {isa = PBXFileReference; lastKnownFileType = sourcecode.swift; path = ProvidesSourceCodeLocation.swift; sourceTree = "<group>"; };
		OBJ_45 /* SwiftLanguage.swift */ = {isa = PBXFileReference; lastKnownFileType = sourcecode.swift; path = SwiftLanguage.swift; sourceTree = "<group>"; };
		OBJ_46 /* SwiftProtobufInfo.swift */ = {isa = PBXFileReference; lastKnownFileType = sourcecode.swift; path = SwiftProtobufInfo.swift; sourceTree = "<group>"; };
		OBJ_47 /* SwiftProtobufNamer.swift */ = {isa = PBXFileReference; lastKnownFileType = sourcecode.swift; path = SwiftProtobufNamer.swift; sourceTree = "<group>"; };
		OBJ_49 /* Context.swift */ = {isa = PBXFileReference; lastKnownFileType = sourcecode.swift; path = Context.swift; sourceTree = "<group>"; };
		OBJ_50 /* Descriptor+Extensions.swift */ = {isa = PBXFileReference; lastKnownFileType = sourcecode.swift; path = "Descriptor+Extensions.swift"; sourceTree = "<group>"; };
		OBJ_51 /* EnumGenerator.swift */ = {isa = PBXFileReference; lastKnownFileType = sourcecode.swift; path = EnumGenerator.swift; sourceTree = "<group>"; };
		OBJ_52 /* ExtensionGenerator.swift */ = {isa = PBXFileReference; lastKnownFileType = sourcecode.swift; path = ExtensionGenerator.swift; sourceTree = "<group>"; };
		OBJ_53 /* FieldGenerator.swift */ = {isa = PBXFileReference; lastKnownFileType = sourcecode.swift; path = FieldGenerator.swift; sourceTree = "<group>"; };
		OBJ_54 /* FileGenerator.swift */ = {isa = PBXFileReference; lastKnownFileType = sourcecode.swift; path = FileGenerator.swift; sourceTree = "<group>"; };
		OBJ_55 /* FileIo.swift */ = {isa = PBXFileReference; lastKnownFileType = sourcecode.swift; path = FileIo.swift; sourceTree = "<group>"; };
		OBJ_56 /* GenerationError.swift */ = {isa = PBXFileReference; lastKnownFileType = sourcecode.swift; path = GenerationError.swift; sourceTree = "<group>"; };
		OBJ_57 /* GeneratorOptions.swift */ = {isa = PBXFileReference; lastKnownFileType = sourcecode.swift; path = GeneratorOptions.swift; sourceTree = "<group>"; };
		OBJ_58 /* Google_Protobuf_DescriptorProto+Extensions.swift */ = {isa = PBXFileReference; lastKnownFileType = sourcecode.swift; path = "Google_Protobuf_DescriptorProto+Extensions.swift"; sourceTree = "<group>"; };
		OBJ_59 /* Google_Protobuf_EnumDescriptorProto+Extensions.swift */ = {isa = PBXFileReference; lastKnownFileType = sourcecode.swift; path = "Google_Protobuf_EnumDescriptorProto+Extensions.swift"; sourceTree = "<group>"; };
		OBJ_6 /* Package.swift */ = {isa = PBXFileReference; explicitFileType = sourcecode.swift; path = Package.swift; sourceTree = "<group>"; };
		OBJ_60 /* Google_Protobuf_EnumValueDescriptorProto+Extensions.swift */ = {isa = PBXFileReference; lastKnownFileType = sourcecode.swift; path = "Google_Protobuf_EnumValueDescriptorProto+Extensions.swift"; sourceTree = "<group>"; };
		OBJ_61 /* Google_Protobuf_FileDescriptorProto+Extensions.swift */ = {isa = PBXFileReference; lastKnownFileType = sourcecode.swift; path = "Google_Protobuf_FileDescriptorProto+Extensions.swift"; sourceTree = "<group>"; };
		OBJ_62 /* main.swift */ = {isa = PBXFileReference; lastKnownFileType = sourcecode.swift; path = main.swift; sourceTree = "<group>"; };
		OBJ_63 /* MessageFieldGenerator.swift */ = {isa = PBXFileReference; lastKnownFileType = sourcecode.swift; path = MessageFieldGenerator.swift; sourceTree = "<group>"; };
		OBJ_64 /* MessageGenerator.swift */ = {isa = PBXFileReference; lastKnownFileType = sourcecode.swift; path = MessageGenerator.swift; sourceTree = "<group>"; };
		OBJ_65 /* MessageStorageClassGenerator.swift */ = {isa = PBXFileReference; lastKnownFileType = sourcecode.swift; path = MessageStorageClassGenerator.swift; sourceTree = "<group>"; };
		OBJ_66 /* OneofGenerator.swift */ = {isa = PBXFileReference; lastKnownFileType = sourcecode.swift; path = OneofGenerator.swift; sourceTree = "<group>"; };
		OBJ_67 /* ReservedWords.swift */ = {isa = PBXFileReference; lastKnownFileType = sourcecode.swift; path = ReservedWords.swift; sourceTree = "<group>"; };
		OBJ_68 /* StringUtils.swift */ = {isa = PBXFileReference; lastKnownFileType = sourcecode.swift; path = StringUtils.swift; sourceTree = "<group>"; };
		OBJ_69 /* Version.swift */ = {isa = PBXFileReference; lastKnownFileType = sourcecode.swift; path = Version.swift; sourceTree = "<group>"; };
		OBJ_71 /* any.pb.swift */ = {isa = PBXFileReference; lastKnownFileType = sourcecode.swift; path = any.pb.swift; sourceTree = "<group>"; };
		OBJ_72 /* AnyMessageStorage.swift */ = {isa = PBXFileReference; lastKnownFileType = sourcecode.swift; path = AnyMessageStorage.swift; sourceTree = "<group>"; };
		OBJ_73 /* AnyUnpackError.swift */ = {isa = PBXFileReference; lastKnownFileType = sourcecode.swift; path = AnyUnpackError.swift; sourceTree = "<group>"; };
		OBJ_74 /* api.pb.swift */ = {isa = PBXFileReference; lastKnownFileType = sourcecode.swift; path = api.pb.swift; sourceTree = "<group>"; };
		OBJ_75 /* BinaryDecoder.swift */ = {isa = PBXFileReference; lastKnownFileType = sourcecode.swift; path = BinaryDecoder.swift; sourceTree = "<group>"; };
		OBJ_76 /* BinaryDecodingError.swift */ = {isa = PBXFileReference; lastKnownFileType = sourcecode.swift; path = BinaryDecodingError.swift; sourceTree = "<group>"; };
		OBJ_77 /* BinaryEncoder.swift */ = {isa = PBXFileReference; lastKnownFileType = sourcecode.swift; path = BinaryEncoder.swift; sourceTree = "<group>"; };
		OBJ_78 /* BinaryEncodingError.swift */ = {isa = PBXFileReference; lastKnownFileType = sourcecode.swift; path = BinaryEncodingError.swift; sourceTree = "<group>"; };
		OBJ_79 /* BinaryEncodingSizeVisitor.swift */ = {isa = PBXFileReference; lastKnownFileType = sourcecode.swift; path = BinaryEncodingSizeVisitor.swift; sourceTree = "<group>"; };
		OBJ_8 /* settings.xcconfig */ = {isa = PBXFileReference; lastKnownFileType = text.xcconfig; path = settings.xcconfig; sourceTree = "<group>"; };
		OBJ_80 /* BinaryEncodingVisitor.swift */ = {isa = PBXFileReference; lastKnownFileType = sourcecode.swift; path = BinaryEncodingVisitor.swift; sourceTree = "<group>"; };
		OBJ_81 /* CustomJSONCodable.swift */ = {isa = PBXFileReference; lastKnownFileType = sourcecode.swift; path = CustomJSONCodable.swift; sourceTree = "<group>"; };
		OBJ_82 /* Decoder.swift */ = {isa = PBXFileReference; lastKnownFileType = sourcecode.swift; path = Decoder.swift; sourceTree = "<group>"; };
		OBJ_83 /* DoubleFormatter.swift */ = {isa = PBXFileReference; lastKnownFileType = sourcecode.swift; path = DoubleFormatter.swift; sourceTree = "<group>"; };
		OBJ_84 /* duration.pb.swift */ = {isa = PBXFileReference; lastKnownFileType = sourcecode.swift; path = duration.pb.swift; sourceTree = "<group>"; };
		OBJ_85 /* empty.pb.swift */ = {isa = PBXFileReference; lastKnownFileType = sourcecode.swift; path = empty.pb.swift; sourceTree = "<group>"; };
		OBJ_86 /* Enum.swift */ = {isa = PBXFileReference; lastKnownFileType = sourcecode.swift; path = Enum.swift; sourceTree = "<group>"; };
		OBJ_87 /* ExtensibleMessage.swift */ = {isa = PBXFileReference; lastKnownFileType = sourcecode.swift; path = ExtensibleMessage.swift; sourceTree = "<group>"; };
		OBJ_88 /* ExtensionFields.swift */ = {isa = PBXFileReference; lastKnownFileType = sourcecode.swift; path = ExtensionFields.swift; sourceTree = "<group>"; };
		OBJ_89 /* ExtensionFieldValueSet.swift */ = {isa = PBXFileReference; lastKnownFileType = sourcecode.swift; path = ExtensionFieldValueSet.swift; sourceTree = "<group>"; };
		OBJ_90 /* ExtensionMap.swift */ = {isa = PBXFileReference; lastKnownFileType = sourcecode.swift; path = ExtensionMap.swift; sourceTree = "<group>"; };
		OBJ_91 /* field_mask.pb.swift */ = {isa = PBXFileReference; lastKnownFileType = sourcecode.swift; path = field_mask.pb.swift; sourceTree = "<group>"; };
		OBJ_92 /* FieldTag.swift */ = {isa = PBXFileReference; lastKnownFileType = sourcecode.swift; path = FieldTag.swift; sourceTree = "<group>"; };
		OBJ_93 /* FieldTypes.swift */ = {isa = PBXFileReference; lastKnownFileType = sourcecode.swift; path = FieldTypes.swift; sourceTree = "<group>"; };
		OBJ_94 /* Google_Protobuf_Any+Extensions.swift */ = {isa = PBXFileReference; lastKnownFileType = sourcecode.swift; path = "Google_Protobuf_Any+Extensions.swift"; sourceTree = "<group>"; };
		OBJ_95 /* Google_Protobuf_Any+Registry.swift */ = {isa = PBXFileReference; lastKnownFileType = sourcecode.swift; path = "Google_Protobuf_Any+Registry.swift"; sourceTree = "<group>"; };
		OBJ_96 /* Google_Protobuf_Duration+Extensions.swift */ = {isa = PBXFileReference; lastKnownFileType = sourcecode.swift; path = "Google_Protobuf_Duration+Extensions.swift"; sourceTree = "<group>"; };
		OBJ_97 /* Google_Protobuf_FieldMask+Extensions.swift */ = {isa = PBXFileReference; lastKnownFileType = sourcecode.swift; path = "Google_Protobuf_FieldMask+Extensions.swift"; sourceTree = "<group>"; };
		OBJ_98 /* Google_Protobuf_ListValue+Extensions.swift */ = {isa = PBXFileReference; lastKnownFileType = sourcecode.swift; path = "Google_Protobuf_ListValue+Extensions.swift"; sourceTree = "<group>"; };
		OBJ_99 /* Google_Protobuf_Struct+Extensions.swift */ = {isa = PBXFileReference; lastKnownFileType = sourcecode.swift; path = "Google_Protobuf_Struct+Extensions.swift"; sourceTree = "<group>"; };
/* End PBXFileReference section */

/* Begin PBXFrameworksBuildPhase section */
		OBJ_160 /* Frameworks */ = {
			isa = PBXFrameworksBuildPhase;
			buildActionMask = 0;
			files = (
				OBJ_161 /* SwiftProtobuf.framework in Frameworks */,
			);
			runOnlyForDeploymentPostprocessing = 0;
		};
		OBJ_186 /* Frameworks */ = {
			isa = PBXFrameworksBuildPhase;
			buildActionMask = 0;
			files = (
				OBJ_187 /* SwiftProtobuf.framework in Frameworks */,
			);
			runOnlyForDeploymentPostprocessing = 0;
		};
		OBJ_215 /* Frameworks */ = {
			isa = PBXFrameworksBuildPhase;
			buildActionMask = 0;
			files = (
				OBJ_216 /* SwiftProtobuf.framework in Frameworks */,
				OBJ_217 /* PluginLibrary.framework in Frameworks */,
			);
			runOnlyForDeploymentPostprocessing = 0;
		};
		OBJ_297 /* Frameworks */ = {
			isa = PBXFrameworksBuildPhase;
			buildActionMask = 0;
			files = (
			);
			runOnlyForDeploymentPostprocessing = 0;
		};
		OBJ_313 /* Frameworks */ = {
			isa = PBXFrameworksBuildPhase;
			buildActionMask = 0;
			files = (
				OBJ_314 /* SwiftProtobuf.framework in Frameworks */,
				OBJ_315 /* PluginLibrary.framework in Frameworks */,
			);
			runOnlyForDeploymentPostprocessing = 0;
		};
		OBJ_324 /* Frameworks */ = {
			isa = PBXFrameworksBuildPhase;
			buildActionMask = 0;
			files = (
				OBJ_325 /* SwiftProtobuf.framework in Frameworks */,
				OBJ_326 /* PluginLibrary.framework in Frameworks */,
			);
			runOnlyForDeploymentPostprocessing = 0;
		};
/* End PBXFrameworksBuildPhase section */

/* Begin PBXGroup section */
		OBJ_144 /* CTensorFlow 0.0.2 */ = {
			isa = PBXGroup;
			children = (
			);
			name = "CTensorFlow 0.0.2";
			path = ".build/checkouts/CTensorFlow.git-3163142836566371317";
			sourceTree = SOURCE_ROOT;
		};
		OBJ_145 /* Products */ = {
			isa = PBXGroup;
			children = (
				OBJ_146 /* Conformance */,
				OBJ_147 /* PluginLibrary.framework */,
				OBJ_148 /* protoc-gen-swift */,
				OBJ_149 /* SwiftProtobuf.framework */,
				OBJ_150 /* TensorFlow */,
				OBJ_151 /* TensorFlowTests.xctest */,
			);
			name = Products;
			sourceTree = BUILT_PRODUCTS_DIR;
		};
		OBJ_20 /* Tests */ = {
			isa = PBXGroup;
			children = (
				OBJ_21 /* TensorFlowTests */,
			);
			name = Tests;
			sourceTree = SOURCE_ROOT;
		};
		OBJ_21 /* TensorFlowTests */ = {
			isa = PBXGroup;
			children = (
				OBJ_22 /* TensorFlowTests.swift */,
			);
			name = TensorFlowTests;
			path = Tests/TensorFlowTests;
			sourceTree = SOURCE_ROOT;
		};
		OBJ_24 /* Dependencies */ = {
			isa = PBXGroup;
			children = (
				OBJ_25 /* SwiftProtobuf 0.9.902 */,
				OBJ_144 /* CTensorFlow 0.0.2 */,
			);
			name = Dependencies;
			sourceTree = "<group>";
		};
		OBJ_25 /* SwiftProtobuf 0.9.902 */ = {
			isa = PBXGroup;
			children = (
				OBJ_26 /* Conformance */,
				OBJ_30 /* PluginLibrary */,
				OBJ_48 /* protoc-gen-swift */,
				OBJ_70 /* SwiftProtobuf */,
			);
			name = "SwiftProtobuf 0.9.902";
			sourceTree = SOURCE_ROOT;
		};
		OBJ_26 /* Conformance */ = {
			isa = PBXGroup;
			children = (
				OBJ_27 /* conformance.pb.swift */,
				OBJ_28 /* main.swift */,
				OBJ_29 /* test_messages_proto3.pb.swift */,
			);
			name = Conformance;
			path = ".build/checkouts/swift-protobuf.git--7219529775138357838/Sources/Conformance";
			sourceTree = SOURCE_ROOT;
		};
		OBJ_30 /* PluginLibrary */ = {
			isa = PBXGroup;
			children = (
				OBJ_31 /* Array+Extensions.swift */,
				OBJ_32 /* CodePrinter.swift */,
				OBJ_33 /* Descriptor+Extensions.swift */,
				OBJ_34 /* descriptor.pb.swift */,
				OBJ_35 /* Descriptor.swift */,
				OBJ_36 /* FieldNumbers.swift */,
				OBJ_37 /* Google_Protobuf_Compiler_CodeGeneratorResponse+Extensions.swift */,
				OBJ_38 /* Google_Protobuf_SourceCodeInfo+Extensions.swift */,
				OBJ_39 /* HashableArray.swift */,
				OBJ_40 /* NamingUtils.swift */,
				OBJ_41 /* plugin.pb.swift */,
				OBJ_42 /* ProtoLanguage.swift */,
				OBJ_43 /* ProvidesLocationPath.swift */,
				OBJ_44 /* ProvidesSourceCodeLocation.swift */,
				OBJ_45 /* SwiftLanguage.swift */,
				OBJ_46 /* SwiftProtobufInfo.swift */,
				OBJ_47 /* SwiftProtobufNamer.swift */,
			);
			name = PluginLibrary;
			path = ".build/checkouts/swift-protobuf.git--7219529775138357838/Sources/PluginLibrary";
			sourceTree = SOURCE_ROOT;
		};
		OBJ_48 /* protoc-gen-swift */ = {
			isa = PBXGroup;
			children = (
				OBJ_49 /* Context.swift */,
				OBJ_50 /* Descriptor+Extensions.swift */,
				OBJ_51 /* EnumGenerator.swift */,
				OBJ_52 /* ExtensionGenerator.swift */,
				OBJ_53 /* FieldGenerator.swift */,
				OBJ_54 /* FileGenerator.swift */,
				OBJ_55 /* FileIo.swift */,
				OBJ_56 /* GenerationError.swift */,
				OBJ_57 /* GeneratorOptions.swift */,
				OBJ_58 /* Google_Protobuf_DescriptorProto+Extensions.swift */,
				OBJ_59 /* Google_Protobuf_EnumDescriptorProto+Extensions.swift */,
				OBJ_60 /* Google_Protobuf_EnumValueDescriptorProto+Extensions.swift */,
				OBJ_61 /* Google_Protobuf_FileDescriptorProto+Extensions.swift */,
				OBJ_62 /* main.swift */,
				OBJ_63 /* MessageFieldGenerator.swift */,
				OBJ_64 /* MessageGenerator.swift */,
				OBJ_65 /* MessageStorageClassGenerator.swift */,
				OBJ_66 /* OneofGenerator.swift */,
				OBJ_67 /* ReservedWords.swift */,
				OBJ_68 /* StringUtils.swift */,
				OBJ_69 /* Version.swift */,
			);
			name = "protoc-gen-swift";
			path = ".build/checkouts/swift-protobuf.git--7219529775138357838/Sources/protoc-gen-swift";
			sourceTree = SOURCE_ROOT;
		};
		OBJ_5 /*  */ = {
			isa = PBXGroup;
			children = (
				OBJ_6 /* Package.swift */,
				OBJ_7 /* Configs */,
				OBJ_9 /* Sources */,
				OBJ_20 /* Tests */,
				OBJ_23 /* misc */,
				OBJ_24 /* Dependencies */,
				OBJ_145 /* Products */,
			);
			name = "";
			sourceTree = "<group>";
		};
		OBJ_7 /* Configs */ = {
			isa = PBXGroup;
			children = (
				OBJ_8 /* settings.xcconfig */,
			);
			name = Configs;
			sourceTree = "<group>";
		};
		OBJ_70 /* SwiftProtobuf */ = {
			isa = PBXGroup;
			children = (
				OBJ_71 /* any.pb.swift */,
				OBJ_72 /* AnyMessageStorage.swift */,
				OBJ_73 /* AnyUnpackError.swift */,
				OBJ_74 /* api.pb.swift */,
				OBJ_75 /* BinaryDecoder.swift */,
				OBJ_76 /* BinaryDecodingError.swift */,
				OBJ_77 /* BinaryEncoder.swift */,
				OBJ_78 /* BinaryEncodingError.swift */,
				OBJ_79 /* BinaryEncodingSizeVisitor.swift */,
				OBJ_80 /* BinaryEncodingVisitor.swift */,
				OBJ_81 /* CustomJSONCodable.swift */,
				OBJ_82 /* Decoder.swift */,
				OBJ_83 /* DoubleFormatter.swift */,
				OBJ_84 /* duration.pb.swift */,
				OBJ_85 /* empty.pb.swift */,
				OBJ_86 /* Enum.swift */,
				OBJ_87 /* ExtensibleMessage.swift */,
				OBJ_88 /* ExtensionFields.swift */,
				OBJ_89 /* ExtensionFieldValueSet.swift */,
				OBJ_90 /* ExtensionMap.swift */,
				OBJ_91 /* field_mask.pb.swift */,
				OBJ_92 /* FieldTag.swift */,
				OBJ_93 /* FieldTypes.swift */,
				OBJ_94 /* Google_Protobuf_Any+Extensions.swift */,
				OBJ_95 /* Google_Protobuf_Any+Registry.swift */,
				OBJ_96 /* Google_Protobuf_Duration+Extensions.swift */,
				OBJ_97 /* Google_Protobuf_FieldMask+Extensions.swift */,
				OBJ_98 /* Google_Protobuf_ListValue+Extensions.swift */,
				OBJ_99 /* Google_Protobuf_Struct+Extensions.swift */,
				OBJ_100 /* Google_Protobuf_Timestamp+Extensions.swift */,
				OBJ_101 /* Google_Protobuf_Value+Extensions.swift */,
				OBJ_102 /* Google_Protobuf_Wrappers+Extensions.swift */,
				OBJ_103 /* HashVisitor.swift */,
				OBJ_104 /* Internal.swift */,
				OBJ_105 /* JSONDecoder.swift */,
				OBJ_106 /* JSONDecodingError.swift */,
				OBJ_107 /* JSONEncoder.swift */,
				OBJ_108 /* JSONEncodingError.swift */,
				OBJ_109 /* JSONEncodingVisitor.swift */,
				OBJ_110 /* JSONIntegerConverting.swift */,
				OBJ_111 /* JSONMapEncodingVisitor.swift */,
				OBJ_112 /* JSONScanner.swift */,
				OBJ_113 /* MathUtils.swift */,
				OBJ_114 /* Message+AnyAdditions.swift */,
				OBJ_115 /* Message+BinaryAdditions.swift */,
				OBJ_116 /* Message+JSONAdditions.swift */,
				OBJ_117 /* Message+JSONArrayAdditions.swift */,
				OBJ_118 /* Message+TextFormatAdditions.swift */,
				OBJ_119 /* Message.swift */,
				OBJ_120 /* MessageExtension.swift */,
				OBJ_121 /* NameMap.swift */,
				OBJ_122 /* ProtobufAPIVersionCheck.swift */,
				OBJ_123 /* ProtobufMap.swift */,
				OBJ_124 /* ProtoNameProviding.swift */,
				OBJ_125 /* SimpleExtensionMap.swift */,
				OBJ_126 /* source_context.pb.swift */,
				OBJ_127 /* StringUtils.swift */,
				OBJ_128 /* struct.pb.swift */,
				OBJ_129 /* TextFormatDecoder.swift */,
				OBJ_130 /* TextFormatDecodingError.swift */,
				OBJ_131 /* TextFormatEncoder.swift */,
				OBJ_132 /* TextFormatEncodingVisitor.swift */,
				OBJ_133 /* TextFormatScanner.swift */,
				OBJ_134 /* timestamp.pb.swift */,
				OBJ_135 /* TimeUtils.swift */,
				OBJ_136 /* type.pb.swift */,
				OBJ_137 /* UnknownStorage.swift */,
				OBJ_138 /* Varint.swift */,
				OBJ_139 /* Version.swift */,
				OBJ_140 /* Visitor.swift */,
				OBJ_141 /* WireFormat.swift */,
				OBJ_142 /* wrappers.pb.swift */,
				OBJ_143 /* ZigZag.swift */,
			);
			name = SwiftProtobuf;
			path = ".build/checkouts/swift-protobuf.git--7219529775138357838/Sources/SwiftProtobuf";
			sourceTree = SOURCE_ROOT;
		};
		OBJ_9 /* Sources */ = {
			isa = PBXGroup;
			children = (
				E87AC9291ED6945300D11514 /* config.pb.swift */,
				E87AC92A1ED6945300D11514 /* error_codes.pb.swift */,
				E87AC92B1ED6945300D11514 /* types.pb.swift */,
				OBJ_10 /* Graph.swift */,
				OBJ_11 /* Lib.swift */,
				OBJ_12 /* main.swift */,
				OBJ_13 /* Operation.swift */,
				OBJ_14 /* SavedModel.swift */,
				OBJ_15 /* Session.swift */,
				OBJ_16 /* Shape.swift */,
				OBJ_17 /* Status.swift */,
				OBJ_18 /* Tensor.swift */,
				OBJ_19 /* TensorFlow.swift */,
			);
			path = Sources;
			sourceTree = SOURCE_ROOT;
		};
/* End PBXGroup section */

/* Begin PBXNativeTarget section */
		OBJ_152 /* Conformance */ = {
			isa = PBXNativeTarget;
			buildConfigurationList = OBJ_153 /* Build configuration list for PBXNativeTarget "Conformance" */;
			buildPhases = (
				OBJ_156 /* Sources */,
				OBJ_160 /* Frameworks */,
			);
			buildRules = (
			);
			dependencies = (
				OBJ_162 /* PBXTargetDependency */,
			);
			name = Conformance;
			productName = Conformance;
			productReference = OBJ_146 /* Conformance */;
			productType = "com.apple.product-type.tool";
		};
		OBJ_163 /* SwiftProtobuf */ = {
			isa = PBXNativeTarget;
			buildConfigurationList = OBJ_220 /* Build configuration list for PBXNativeTarget "SwiftProtobuf" */;
			buildPhases = (
				OBJ_223 /* Sources */,
				OBJ_297 /* Frameworks */,
			);
			buildRules = (
			);
			dependencies = (
			);
			name = SwiftProtobuf;
			productName = SwiftProtobuf;
			productReference = OBJ_149 /* SwiftProtobuf.framework */;
			productType = "com.apple.product-type.framework";
		};
		OBJ_164 /* PluginLibrary */ = {
			isa = PBXNativeTarget;
			buildConfigurationList = OBJ_165 /* Build configuration list for PBXNativeTarget "PluginLibrary" */;
			buildPhases = (
				OBJ_168 /* Sources */,
				OBJ_186 /* Frameworks */,
			);
			buildRules = (
			);
			dependencies = (
				OBJ_188 /* PBXTargetDependency */,
			);
			name = PluginLibrary;
			productName = PluginLibrary;
			productReference = OBJ_147 /* PluginLibrary.framework */;
			productType = "com.apple.product-type.framework";
		};
		OBJ_189 /* protoc-gen-swift */ = {
			isa = PBXNativeTarget;
			buildConfigurationList = OBJ_190 /* Build configuration list for PBXNativeTarget "protoc-gen-swift" */;
			buildPhases = (
				OBJ_193 /* Sources */,
				OBJ_215 /* Frameworks */,
			);
			buildRules = (
			);
			dependencies = (
				OBJ_218 /* PBXTargetDependency */,
				OBJ_219 /* PBXTargetDependency */,
			);
			name = "protoc-gen-swift";
			productName = protoc_gen_swift;
			productReference = OBJ_148 /* protoc-gen-swift */;
			productType = "com.apple.product-type.tool";
		};
		OBJ_298 /* TensorFlow */ = {
			isa = PBXNativeTarget;
			buildConfigurationList = OBJ_299 /* Build configuration list for PBXNativeTarget "TensorFlow" */;
			buildPhases = (
				OBJ_302 /* Sources */,
				OBJ_313 /* Frameworks */,
			);
			buildRules = (
			);
			dependencies = (
				OBJ_316 /* PBXTargetDependency */,
				OBJ_317 /* PBXTargetDependency */,
			);
			name = TensorFlow;
			productName = TensorFlow;
			productReference = OBJ_150 /* TensorFlow */;
			productType = "com.apple.product-type.tool";
		};
		OBJ_318 /* TensorFlowTests */ = {
			isa = PBXNativeTarget;
			buildConfigurationList = OBJ_319 /* Build configuration list for PBXNativeTarget "TensorFlowTests" */;
			buildPhases = (
				OBJ_322 /* Sources */,
				OBJ_324 /* Frameworks */,
			);
			buildRules = (
			);
			dependencies = (
				OBJ_327 /* PBXTargetDependency */,
				OBJ_328 /* PBXTargetDependency */,
				OBJ_329 /* PBXTargetDependency */,
			);
			name = TensorFlowTests;
			productName = TensorFlowTests;
			productReference = OBJ_151 /* TensorFlowTests.xctest */;
			productType = "com.apple.product-type.bundle.unit-test";
		};
/* End PBXNativeTarget section */

/* Begin PBXProject section */
		OBJ_1 /* Project object */ = {
			isa = PBXProject;
			attributes = {
				LastUpgradeCheck = 9999;
			};
			buildConfigurationList = OBJ_2 /* Build configuration list for PBXProject "TensorFlow" */;
			compatibilityVersion = "Xcode 3.2";
			developmentRegion = English;
			hasScannedForEncodings = 0;
			knownRegions = (
				en,
			);
			mainGroup = OBJ_5 /*  */;
			productRefGroup = OBJ_145 /* Products */;
			projectDirPath = "";
			projectRoot = "";
			targets = (
				OBJ_152 /* Conformance */,
				OBJ_164 /* PluginLibrary */,
				OBJ_189 /* protoc-gen-swift */,
				OBJ_163 /* SwiftProtobuf */,
				OBJ_298 /* TensorFlow */,
				OBJ_318 /* TensorFlowTests */,
			);
		};
/* End PBXProject section */

/* Begin PBXSourcesBuildPhase section */
		OBJ_156 /* Sources */ = {
			isa = PBXSourcesBuildPhase;
			buildActionMask = 0;
			files = (
				OBJ_157 /* conformance.pb.swift in Sources */,
				OBJ_158 /* main.swift in Sources */,
				OBJ_159 /* test_messages_proto3.pb.swift in Sources */,
			);
			runOnlyForDeploymentPostprocessing = 0;
		};
		OBJ_168 /* Sources */ = {
			isa = PBXSourcesBuildPhase;
			buildActionMask = 0;
			files = (
				OBJ_169 /* Array+Extensions.swift in Sources */,
				OBJ_170 /* CodePrinter.swift in Sources */,
				OBJ_171 /* Descriptor+Extensions.swift in Sources */,
				OBJ_172 /* descriptor.pb.swift in Sources */,
				OBJ_173 /* Descriptor.swift in Sources */,
				OBJ_174 /* FieldNumbers.swift in Sources */,
				OBJ_175 /* Google_Protobuf_Compiler_CodeGeneratorResponse+Extensions.swift in Sources */,
				OBJ_176 /* Google_Protobuf_SourceCodeInfo+Extensions.swift in Sources */,
				OBJ_177 /* HashableArray.swift in Sources */,
				OBJ_178 /* NamingUtils.swift in Sources */,
				OBJ_179 /* plugin.pb.swift in Sources */,
				OBJ_180 /* ProtoLanguage.swift in Sources */,
				OBJ_181 /* ProvidesLocationPath.swift in Sources */,
				OBJ_182 /* ProvidesSourceCodeLocation.swift in Sources */,
				OBJ_183 /* SwiftLanguage.swift in Sources */,
				OBJ_184 /* SwiftProtobufInfo.swift in Sources */,
				OBJ_185 /* SwiftProtobufNamer.swift in Sources */,
			);
			runOnlyForDeploymentPostprocessing = 0;
		};
		OBJ_193 /* Sources */ = {
			isa = PBXSourcesBuildPhase;
			buildActionMask = 0;
			files = (
				OBJ_194 /* Context.swift in Sources */,
				OBJ_195 /* Descriptor+Extensions.swift in Sources */,
				OBJ_196 /* EnumGenerator.swift in Sources */,
				OBJ_197 /* ExtensionGenerator.swift in Sources */,
				OBJ_198 /* FieldGenerator.swift in Sources */,
				OBJ_199 /* FileGenerator.swift in Sources */,
				OBJ_200 /* FileIo.swift in Sources */,
				OBJ_201 /* GenerationError.swift in Sources */,
				OBJ_202 /* GeneratorOptions.swift in Sources */,
				OBJ_203 /* Google_Protobuf_DescriptorProto+Extensions.swift in Sources */,
				OBJ_204 /* Google_Protobuf_EnumDescriptorProto+Extensions.swift in Sources */,
				OBJ_205 /* Google_Protobuf_EnumValueDescriptorProto+Extensions.swift in Sources */,
				OBJ_206 /* Google_Protobuf_FileDescriptorProto+Extensions.swift in Sources */,
				OBJ_207 /* main.swift in Sources */,
				OBJ_208 /* MessageFieldGenerator.swift in Sources */,
				OBJ_209 /* MessageGenerator.swift in Sources */,
				OBJ_210 /* MessageStorageClassGenerator.swift in Sources */,
				OBJ_211 /* OneofGenerator.swift in Sources */,
				OBJ_212 /* ReservedWords.swift in Sources */,
				OBJ_213 /* StringUtils.swift in Sources */,
				OBJ_214 /* Version.swift in Sources */,
			);
			runOnlyForDeploymentPostprocessing = 0;
		};
		OBJ_223 /* Sources */ = {
			isa = PBXSourcesBuildPhase;
			buildActionMask = 0;
			files = (
				OBJ_224 /* any.pb.swift in Sources */,
				OBJ_225 /* AnyMessageStorage.swift in Sources */,
				OBJ_226 /* AnyUnpackError.swift in Sources */,
				OBJ_227 /* api.pb.swift in Sources */,
				OBJ_228 /* BinaryDecoder.swift in Sources */,
				OBJ_229 /* BinaryDecodingError.swift in Sources */,
				OBJ_230 /* BinaryEncoder.swift in Sources */,
				OBJ_231 /* BinaryEncodingError.swift in Sources */,
				OBJ_232 /* BinaryEncodingSizeVisitor.swift in Sources */,
				OBJ_233 /* BinaryEncodingVisitor.swift in Sources */,
				OBJ_234 /* CustomJSONCodable.swift in Sources */,
				OBJ_235 /* Decoder.swift in Sources */,
				OBJ_236 /* DoubleFormatter.swift in Sources */,
				OBJ_237 /* duration.pb.swift in Sources */,
				OBJ_238 /* empty.pb.swift in Sources */,
				OBJ_239 /* Enum.swift in Sources */,
				OBJ_240 /* ExtensibleMessage.swift in Sources */,
				OBJ_241 /* ExtensionFields.swift in Sources */,
				OBJ_242 /* ExtensionFieldValueSet.swift in Sources */,
				OBJ_243 /* ExtensionMap.swift in Sources */,
				OBJ_244 /* field_mask.pb.swift in Sources */,
				OBJ_245 /* FieldTag.swift in Sources */,
				OBJ_246 /* FieldTypes.swift in Sources */,
				OBJ_247 /* Google_Protobuf_Any+Extensions.swift in Sources */,
				OBJ_248 /* Google_Protobuf_Any+Registry.swift in Sources */,
				OBJ_249 /* Google_Protobuf_Duration+Extensions.swift in Sources */,
				OBJ_250 /* Google_Protobuf_FieldMask+Extensions.swift in Sources */,
				OBJ_251 /* Google_Protobuf_ListValue+Extensions.swift in Sources */,
				OBJ_252 /* Google_Protobuf_Struct+Extensions.swift in Sources */,
				OBJ_253 /* Google_Protobuf_Timestamp+Extensions.swift in Sources */,
				OBJ_254 /* Google_Protobuf_Value+Extensions.swift in Sources */,
				OBJ_255 /* Google_Protobuf_Wrappers+Extensions.swift in Sources */,
				OBJ_256 /* HashVisitor.swift in Sources */,
				OBJ_257 /* Internal.swift in Sources */,
				OBJ_258 /* JSONDecoder.swift in Sources */,
				OBJ_259 /* JSONDecodingError.swift in Sources */,
				OBJ_260 /* JSONEncoder.swift in Sources */,
				OBJ_261 /* JSONEncodingError.swift in Sources */,
				OBJ_262 /* JSONEncodingVisitor.swift in Sources */,
				OBJ_263 /* JSONIntegerConverting.swift in Sources */,
				OBJ_264 /* JSONMapEncodingVisitor.swift in Sources */,
				OBJ_265 /* JSONScanner.swift in Sources */,
				OBJ_266 /* MathUtils.swift in Sources */,
				OBJ_267 /* Message+AnyAdditions.swift in Sources */,
				OBJ_268 /* Message+BinaryAdditions.swift in Sources */,
				OBJ_269 /* Message+JSONAdditions.swift in Sources */,
				OBJ_270 /* Message+JSONArrayAdditions.swift in Sources */,
				OBJ_271 /* Message+TextFormatAdditions.swift in Sources */,
				OBJ_272 /* Message.swift in Sources */,
				OBJ_273 /* MessageExtension.swift in Sources */,
				OBJ_274 /* NameMap.swift in Sources */,
				OBJ_275 /* ProtobufAPIVersionCheck.swift in Sources */,
				OBJ_276 /* ProtobufMap.swift in Sources */,
				OBJ_277 /* ProtoNameProviding.swift in Sources */,
				OBJ_278 /* SimpleExtensionMap.swift in Sources */,
				OBJ_279 /* source_context.pb.swift in Sources */,
				OBJ_280 /* StringUtils.swift in Sources */,
				OBJ_281 /* struct.pb.swift in Sources */,
				OBJ_282 /* TextFormatDecoder.swift in Sources */,
				OBJ_283 /* TextFormatDecodingError.swift in Sources */,
				OBJ_284 /* TextFormatEncoder.swift in Sources */,
				OBJ_285 /* TextFormatEncodingVisitor.swift in Sources */,
				OBJ_286 /* TextFormatScanner.swift in Sources */,
				OBJ_287 /* timestamp.pb.swift in Sources */,
				OBJ_288 /* TimeUtils.swift in Sources */,
				OBJ_289 /* type.pb.swift in Sources */,
				OBJ_290 /* UnknownStorage.swift in Sources */,
				OBJ_291 /* Varint.swift in Sources */,
				OBJ_292 /* Version.swift in Sources */,
				OBJ_293 /* Visitor.swift in Sources */,
				OBJ_294 /* WireFormat.swift in Sources */,
				OBJ_295 /* wrappers.pb.swift in Sources */,
				OBJ_296 /* ZigZag.swift in Sources */,
			);
			runOnlyForDeploymentPostprocessing = 0;
		};
		OBJ_302 /* Sources */ = {
			isa = PBXSourcesBuildPhase;
			buildActionMask = 0;
			files = (
				OBJ_303 /* Graph.swift in Sources */,
				OBJ_304 /* Lib.swift in Sources */,
				OBJ_305 /* main.swift in Sources */,
				OBJ_306 /* Operation.swift in Sources */,
				OBJ_307 /* SavedModel.swift in Sources */,
				E87AC92D1ED6945300D11514 /* error_codes.pb.swift in Sources */,
				OBJ_308 /* Session.swift in Sources */,
				OBJ_309 /* Shape.swift in Sources */,
				E87AC92E1ED6945300D11514 /* types.pb.swift in Sources */,
				OBJ_310 /* Status.swift in Sources */,
				OBJ_311 /* Tensor.swift in Sources */,
				OBJ_312 /* TensorFlow.swift in Sources */,
			);
			runOnlyForDeploymentPostprocessing = 0;
		};
		OBJ_322 /* Sources */ = {
			isa = PBXSourcesBuildPhase;
			buildActionMask = 0;
			files = (
				OBJ_323 /* TensorFlowTests.swift in Sources */,
			);
			runOnlyForDeploymentPostprocessing = 0;
		};
/* End PBXSourcesBuildPhase section */

/* Begin PBXTargetDependency section */
		OBJ_162 /* PBXTargetDependency */ = {
			isa = PBXTargetDependency;
			target = OBJ_163 /* SwiftProtobuf */;
			targetProxy = E87AC9201ED6940A00D11514 /* PBXContainerItemProxy */;
		};
		OBJ_188 /* PBXTargetDependency */ = {
			isa = PBXTargetDependency;
			target = OBJ_163 /* SwiftProtobuf */;
			targetProxy = E87AC9211ED6940A00D11514 /* PBXContainerItemProxy */;
		};
		OBJ_218 /* PBXTargetDependency */ = {
			isa = PBXTargetDependency;
			target = OBJ_163 /* SwiftProtobuf */;
			targetProxy = E87AC9221ED6940A00D11514 /* PBXContainerItemProxy */;
		};
		OBJ_219 /* PBXTargetDependency */ = {
			isa = PBXTargetDependency;
			target = OBJ_164 /* PluginLibrary */;
			targetProxy = E87AC9231ED6940A00D11514 /* PBXContainerItemProxy */;
		};
		OBJ_316 /* PBXTargetDependency */ = {
			isa = PBXTargetDependency;
			target = OBJ_163 /* SwiftProtobuf */;
			targetProxy = E87AC9241ED6940A00D11514 /* PBXContainerItemProxy */;
		};
		OBJ_317 /* PBXTargetDependency */ = {
			isa = PBXTargetDependency;
			target = OBJ_164 /* PluginLibrary */;
			targetProxy = E87AC9251ED6940A00D11514 /* PBXContainerItemProxy */;
		};
		OBJ_327 /* PBXTargetDependency */ = {
			isa = PBXTargetDependency;
			target = OBJ_163 /* SwiftProtobuf */;
			targetProxy = E87AC9261ED6940A00D11514 /* PBXContainerItemProxy */;
		};
		OBJ_328 /* PBXTargetDependency */ = {
			isa = PBXTargetDependency;
			target = OBJ_164 /* PluginLibrary */;
			targetProxy = E87AC9271ED6940A00D11514 /* PBXContainerItemProxy */;
		};
		OBJ_329 /* PBXTargetDependency */ = {
			isa = PBXTargetDependency;
			target = OBJ_298 /* TensorFlow */;
			targetProxy = E87AC9281ED6940A00D11514 /* PBXContainerItemProxy */;
		};
/* End PBXTargetDependency section */

/* Begin XCBuildConfiguration section */
		OBJ_154 /* Debug */ = {
			isa = XCBuildConfiguration;
			baseConfigurationReference = OBJ_8 /* settings.xcconfig */;
			buildSettings = {
				FRAMEWORK_SEARCH_PATHS = (
					"$(inherited)",
					"$(PLATFORM_DIR)/Developer/Library/Frameworks",
				);
				HEADER_SEARCH_PATHS = "$(inherited)";
				INFOPLIST_FILE = TensorFlow.xcodeproj/Conformance_Info.plist;
				LD_RUNPATH_SEARCH_PATHS = "$(TOOLCHAIN_DIR)/usr/lib/swift/macosx @executable_path";
				OTHER_LDFLAGS = "$(inherited)";
				OTHER_SWIFT_FLAGS = "$(inherited)";
				SWIFT_FORCE_DYNAMIC_LINK_STDLIB = YES;
				SWIFT_FORCE_STATIC_LINK_STDLIB = NO;
				TARGET_NAME = Conformance;
			};
			name = Debug;
		};
		OBJ_155 /* Release */ = {
			isa = XCBuildConfiguration;
			baseConfigurationReference = OBJ_8 /* settings.xcconfig */;
			buildSettings = {
				FRAMEWORK_SEARCH_PATHS = (
					"$(inherited)",
					"$(PLATFORM_DIR)/Developer/Library/Frameworks",
				);
				HEADER_SEARCH_PATHS = "$(inherited)";
				INFOPLIST_FILE = TensorFlow.xcodeproj/Conformance_Info.plist;
				LD_RUNPATH_SEARCH_PATHS = "$(TOOLCHAIN_DIR)/usr/lib/swift/macosx @executable_path";
				OTHER_LDFLAGS = "$(inherited)";
				OTHER_SWIFT_FLAGS = "$(inherited)";
				SWIFT_FORCE_DYNAMIC_LINK_STDLIB = YES;
				SWIFT_FORCE_STATIC_LINK_STDLIB = NO;
				TARGET_NAME = Conformance;
			};
			name = Release;
		};
		OBJ_166 /* Debug */ = {
			isa = XCBuildConfiguration;
			baseConfigurationReference = OBJ_8 /* settings.xcconfig */;
			buildSettings = {
				ENABLE_TESTABILITY = YES;
				FRAMEWORK_SEARCH_PATHS = (
					"$(inherited)",
					"$(PLATFORM_DIR)/Developer/Library/Frameworks",
				);
				HEADER_SEARCH_PATHS = "$(inherited)";
				INFOPLIST_FILE = TensorFlow.xcodeproj/PluginLibrary_Info.plist;
				LD_RUNPATH_SEARCH_PATHS = "$(TOOLCHAIN_DIR)/usr/lib/swift/macosx";
				OTHER_LDFLAGS = "$(inherited)";
				OTHER_SWIFT_FLAGS = "$(inherited)";
				PRODUCT_BUNDLE_IDENTIFIER = PluginLibrary;
				PRODUCT_MODULE_NAME = "$(TARGET_NAME:c99extidentifier)";
				PRODUCT_NAME = "$(TARGET_NAME:c99extidentifier)";
				SKIP_INSTALL = YES;
				TARGET_NAME = PluginLibrary;
			};
			name = Debug;
		};
		OBJ_167 /* Release */ = {
			isa = XCBuildConfiguration;
			baseConfigurationReference = OBJ_8 /* settings.xcconfig */;
			buildSettings = {
				ENABLE_TESTABILITY = YES;
				FRAMEWORK_SEARCH_PATHS = (
					"$(inherited)",
					"$(PLATFORM_DIR)/Developer/Library/Frameworks",
				);
				HEADER_SEARCH_PATHS = "$(inherited)";
				INFOPLIST_FILE = TensorFlow.xcodeproj/PluginLibrary_Info.plist;
				LD_RUNPATH_SEARCH_PATHS = "$(TOOLCHAIN_DIR)/usr/lib/swift/macosx";
				OTHER_LDFLAGS = "$(inherited)";
				OTHER_SWIFT_FLAGS = "$(inherited)";
				PRODUCT_BUNDLE_IDENTIFIER = PluginLibrary;
				PRODUCT_MODULE_NAME = "$(TARGET_NAME:c99extidentifier)";
				PRODUCT_NAME = "$(TARGET_NAME:c99extidentifier)";
				SKIP_INSTALL = YES;
				TARGET_NAME = PluginLibrary;
			};
			name = Release;
		};
		OBJ_191 /* Debug */ = {
			isa = XCBuildConfiguration;
			baseConfigurationReference = OBJ_8 /* settings.xcconfig */;
			buildSettings = {
				FRAMEWORK_SEARCH_PATHS = (
					"$(inherited)",
					"$(PLATFORM_DIR)/Developer/Library/Frameworks",
				);
				HEADER_SEARCH_PATHS = "$(inherited)";
				INFOPLIST_FILE = TensorFlow.xcodeproj/protoc_gen_swift_Info.plist;
				LD_RUNPATH_SEARCH_PATHS = "$(TOOLCHAIN_DIR)/usr/lib/swift/macosx @executable_path";
				OTHER_LDFLAGS = "$(inherited)";
				OTHER_SWIFT_FLAGS = "$(inherited)";
				SWIFT_FORCE_DYNAMIC_LINK_STDLIB = YES;
				SWIFT_FORCE_STATIC_LINK_STDLIB = NO;
				TARGET_NAME = "protoc-gen-swift";
			};
			name = Debug;
		};
		OBJ_192 /* Release */ = {
			isa = XCBuildConfiguration;
			baseConfigurationReference = OBJ_8 /* settings.xcconfig */;
			buildSettings = {
				FRAMEWORK_SEARCH_PATHS = (
					"$(inherited)",
					"$(PLATFORM_DIR)/Developer/Library/Frameworks",
				);
				HEADER_SEARCH_PATHS = "$(inherited)";
				INFOPLIST_FILE = TensorFlow.xcodeproj/protoc_gen_swift_Info.plist;
				LD_RUNPATH_SEARCH_PATHS = "$(TOOLCHAIN_DIR)/usr/lib/swift/macosx @executable_path";
				OTHER_LDFLAGS = "$(inherited)";
				OTHER_SWIFT_FLAGS = "$(inherited)";
				SWIFT_FORCE_DYNAMIC_LINK_STDLIB = YES;
				SWIFT_FORCE_STATIC_LINK_STDLIB = NO;
				TARGET_NAME = "protoc-gen-swift";
			};
			name = Release;
		};
		OBJ_221 /* Debug */ = {
			isa = XCBuildConfiguration;
			baseConfigurationReference = OBJ_8 /* settings.xcconfig */;
			buildSettings = {
				ENABLE_TESTABILITY = YES;
				FRAMEWORK_SEARCH_PATHS = (
					"$(inherited)",
					"$(PLATFORM_DIR)/Developer/Library/Frameworks",
				);
				HEADER_SEARCH_PATHS = "$(inherited)";
				INFOPLIST_FILE = TensorFlow.xcodeproj/SwiftProtobuf_Info.plist;
				LD_RUNPATH_SEARCH_PATHS = "$(TOOLCHAIN_DIR)/usr/lib/swift/macosx";
				OTHER_LDFLAGS = "$(inherited)";
				OTHER_SWIFT_FLAGS = "$(inherited)";
				PRODUCT_BUNDLE_IDENTIFIER = SwiftProtobuf;
				PRODUCT_MODULE_NAME = "$(TARGET_NAME:c99extidentifier)";
				PRODUCT_NAME = "$(TARGET_NAME:c99extidentifier)";
				SKIP_INSTALL = YES;
				TARGET_NAME = SwiftProtobuf;
			};
			name = Debug;
		};
		OBJ_222 /* Release */ = {
			isa = XCBuildConfiguration;
			baseConfigurationReference = OBJ_8 /* settings.xcconfig */;
			buildSettings = {
				ENABLE_TESTABILITY = YES;
				FRAMEWORK_SEARCH_PATHS = (
					"$(inherited)",
					"$(PLATFORM_DIR)/Developer/Library/Frameworks",
				);
				HEADER_SEARCH_PATHS = "$(inherited)";
				INFOPLIST_FILE = TensorFlow.xcodeproj/SwiftProtobuf_Info.plist;
				LD_RUNPATH_SEARCH_PATHS = "$(TOOLCHAIN_DIR)/usr/lib/swift/macosx";
				OTHER_LDFLAGS = "$(inherited)";
				OTHER_SWIFT_FLAGS = "$(inherited)";
				PRODUCT_BUNDLE_IDENTIFIER = SwiftProtobuf;
				PRODUCT_MODULE_NAME = "$(TARGET_NAME:c99extidentifier)";
				PRODUCT_NAME = "$(TARGET_NAME:c99extidentifier)";
				SKIP_INSTALL = YES;
				TARGET_NAME = SwiftProtobuf;
			};
			name = Release;
		};
		OBJ_3 /* Debug */ = {
			isa = XCBuildConfiguration;
			buildSettings = {
				CLANG_ENABLE_OBJC_ARC = YES;
				COMBINE_HIDPI_IMAGES = YES;
				COPY_PHASE_STRIP = NO;
				DEBUG_INFORMATION_FORMAT = dwarf;
				DYLIB_INSTALL_NAME_BASE = "@rpath";
				ENABLE_NS_ASSERTIONS = YES;
				GCC_OPTIMIZATION_LEVEL = 0;
				MACOSX_DEPLOYMENT_TARGET = 10.10;
				ONLY_ACTIVE_ARCH = YES;
				OTHER_SWIFT_FLAGS = "-DXcode";
				PRODUCT_NAME = "$(TARGET_NAME)";
				SDKROOT = macosx;
				SUPPORTED_PLATFORMS = "macosx iphoneos iphonesimulator appletvos appletvsimulator watchos watchsimulator";
				SWIFT_ACTIVE_COMPILATION_CONDITIONS = SWIFT_PACKAGE;
				SWIFT_OPTIMIZATION_LEVEL = "-Onone";
				SWIFT_VERSION = 3.0;
				USE_HEADERMAP = NO;
			};
			name = Debug;
		};
		OBJ_300 /* Debug */ = {
			isa = XCBuildConfiguration;
			baseConfigurationReference = OBJ_8 /* settings.xcconfig */;
			buildSettings = {
				FRAMEWORK_SEARCH_PATHS = (
					"$(inherited)",
					"$(PLATFORM_DIR)/Developer/Library/Frameworks",
				);
				HEADER_SEARCH_PATHS = (
					"$(inherited)",
					"$(SRCROOT)/.build/checkouts/CTensorFlow.git-3163142836566371317",
				);
				INFOPLIST_FILE = TensorFlow.xcodeproj/TensorFlow_Info.plist;
				LD_RUNPATH_SEARCH_PATHS = "$(TOOLCHAIN_DIR)/usr/lib/swift/macosx @executable_path";
				OTHER_LDFLAGS = "$(inherited)";
				OTHER_SWIFT_FLAGS = "$(inherited)";
				SWIFT_FORCE_DYNAMIC_LINK_STDLIB = YES;
				SWIFT_FORCE_STATIC_LINK_STDLIB = NO;
				TARGET_NAME = TensorFlow;
			};
			name = Debug;
		};
		OBJ_301 /* Release */ = {
			isa = XCBuildConfiguration;
			baseConfigurationReference = OBJ_8 /* settings.xcconfig */;
			buildSettings = {
				FRAMEWORK_SEARCH_PATHS = (
					"$(inherited)",
					"$(PLATFORM_DIR)/Developer/Library/Frameworks",
				);
				HEADER_SEARCH_PATHS = (
					"$(inherited)",
					"$(SRCROOT)/.build/checkouts/CTensorFlow.git-3163142836566371317",
				);
				INFOPLIST_FILE = TensorFlow.xcodeproj/TensorFlow_Info.plist;
				LD_RUNPATH_SEARCH_PATHS = "$(TOOLCHAIN_DIR)/usr/lib/swift/macosx @executable_path";
				OTHER_LDFLAGS = "$(inherited)";
				OTHER_SWIFT_FLAGS = "$(inherited)";
				SWIFT_FORCE_DYNAMIC_LINK_STDLIB = YES;
				SWIFT_FORCE_STATIC_LINK_STDLIB = NO;
				TARGET_NAME = TensorFlow;
			};
			name = Release;
		};
		OBJ_320 /* Debug */ = {
			isa = XCBuildConfiguration;
			baseConfigurationReference = OBJ_8 /* settings.xcconfig */;
			buildSettings = {
				EMBEDDED_CONTENT_CONTAINS_SWIFT = YES;
				FRAMEWORK_SEARCH_PATHS = (
					"$(inherited)",
					"$(PLATFORM_DIR)/Developer/Library/Frameworks",
				);
				HEADER_SEARCH_PATHS = (
					"$(inherited)",
					"$(SRCROOT)/.build/checkouts/CTensorFlow.git-3163142836566371317",
				);
				INFOPLIST_FILE = TensorFlow.xcodeproj/TensorFlowTests_Info.plist;
				LD_RUNPATH_SEARCH_PATHS = "@loader_path/../Frameworks @loader_path/Frameworks";
				OTHER_LDFLAGS = "$(inherited)";
				OTHER_SWIFT_FLAGS = "$(inherited)";
				TARGET_NAME = TensorFlowTests;
			};
			name = Debug;
		};
		OBJ_321 /* Release */ = {
			isa = XCBuildConfiguration;
			baseConfigurationReference = OBJ_8 /* settings.xcconfig */;
			buildSettings = {
				EMBEDDED_CONTENT_CONTAINS_SWIFT = YES;
				FRAMEWORK_SEARCH_PATHS = (
					"$(inherited)",
					"$(PLATFORM_DIR)/Developer/Library/Frameworks",
				);
				HEADER_SEARCH_PATHS = (
					"$(inherited)",
					"$(SRCROOT)/.build/checkouts/CTensorFlow.git-3163142836566371317",
				);
				INFOPLIST_FILE = TensorFlow.xcodeproj/TensorFlowTests_Info.plist;
				LD_RUNPATH_SEARCH_PATHS = "@loader_path/../Frameworks @loader_path/Frameworks";
				OTHER_LDFLAGS = "$(inherited)";
				OTHER_SWIFT_FLAGS = "$(inherited)";
				TARGET_NAME = TensorFlowTests;
			};
			name = Release;
		};
		OBJ_4 /* Release */ = {
			isa = XCBuildConfiguration;
			buildSettings = {
				CLANG_ENABLE_OBJC_ARC = YES;
				COMBINE_HIDPI_IMAGES = YES;
				COPY_PHASE_STRIP = YES;
				DEBUG_INFORMATION_FORMAT = "dwarf-with-dsym";
				DYLIB_INSTALL_NAME_BASE = "@rpath";
				GCC_OPTIMIZATION_LEVEL = s;
				MACOSX_DEPLOYMENT_TARGET = 10.10;
				OTHER_SWIFT_FLAGS = "-DXcode";
				PRODUCT_NAME = "$(TARGET_NAME)";
				SDKROOT = macosx;
				SUPPORTED_PLATFORMS = "macosx iphoneos iphonesimulator appletvos appletvsimulator watchos watchsimulator";
				SWIFT_ACTIVE_COMPILATION_CONDITIONS = SWIFT_PACKAGE;
				SWIFT_OPTIMIZATION_LEVEL = "-Owholemodule";
				SWIFT_VERSION = 3.0;
				USE_HEADERMAP = NO;
			};
			name = Release;
		};
/* End XCBuildConfiguration section */

/* Begin XCConfigurationList section */
		OBJ_153 /* Build configuration list for PBXNativeTarget "Conformance" */ = {
			isa = XCConfigurationList;
			buildConfigurations = (
				OBJ_154 /* Debug */,
				OBJ_155 /* Release */,
			);
			defaultConfigurationIsVisible = 0;
			defaultConfigurationName = Debug;
		};
		OBJ_165 /* Build configuration list for PBXNativeTarget "PluginLibrary" */ = {
			isa = XCConfigurationList;
			buildConfigurations = (
				OBJ_166 /* Debug */,
				OBJ_167 /* Release */,
			);
			defaultConfigurationIsVisible = 0;
			defaultConfigurationName = Debug;
		};
		OBJ_190 /* Build configuration list for PBXNativeTarget "protoc-gen-swift" */ = {
			isa = XCConfigurationList;
			buildConfigurations = (
				OBJ_191 /* Debug */,
				OBJ_192 /* Release */,
			);
			defaultConfigurationIsVisible = 0;
			defaultConfigurationName = Debug;
		};
		OBJ_2 /* Build configuration list for PBXProject "TensorFlow" */ = {
			isa = XCConfigurationList;
			buildConfigurations = (
				OBJ_3 /* Debug */,
				OBJ_4 /* Release */,
			);
			defaultConfigurationIsVisible = 0;
			defaultConfigurationName = Debug;
		};
		OBJ_220 /* Build configuration list for PBXNativeTarget "SwiftProtobuf" */ = {
			isa = XCConfigurationList;
			buildConfigurations = (
				OBJ_221 /* Debug */,
				OBJ_222 /* Release */,
			);
			defaultConfigurationIsVisible = 0;
			defaultConfigurationName = Debug;
		};
		OBJ_299 /* Build configuration list for PBXNativeTarget "TensorFlow" */ = {
			isa = XCConfigurationList;
			buildConfigurations = (
				OBJ_300 /* Debug */,
				OBJ_301 /* Release */,
			);
			defaultConfigurationIsVisible = 0;
			defaultConfigurationName = Debug;
		};
		OBJ_319 /* Build configuration list for PBXNativeTarget "TensorFlowTests" */ = {
			isa = XCConfigurationList;
			buildConfigurations = (
				OBJ_320 /* Debug */,
				OBJ_321 /* Release */,
			);
			defaultConfigurationIsVisible = 0;
			defaultConfigurationName = Debug;
		};
/* End XCConfigurationList section */
	};
	rootObject = OBJ_1 /* Project object */;
}
